// !$*UTF8*$!
{
	archiveVersion = 1;
	classes = {
	};
	objectVersion = 50;
	objects = {

/* Begin PBXBuildFile section */
		6C3BBC8F2684D0880079BE11 /* AppDelegate.swift in Sources */ = {isa = PBXBuildFile; fileRef = 6C3BBC8E2684D0880079BE11 /* AppDelegate.swift */; };
		6C3BBC912684D0880079BE11 /* SceneDelegate.swift in Sources */ = {isa = PBXBuildFile; fileRef = 6C3BBC902684D0880079BE11 /* SceneDelegate.swift */; };
		6C3BBC932684D0880079BE11 /* ViewController.swift in Sources */ = {isa = PBXBuildFile; fileRef = 6C3BBC922684D0880079BE11 /* ViewController.swift */; };
		6C3BBC962684D0880079BE11 /* Main.storyboard in Resources */ = {isa = PBXBuildFile; fileRef = 6C3BBC942684D0880079BE11 /* Main.storyboard */; };
		6C3BBC982684D0890079BE11 /* Assets.xcassets in Resources */ = {isa = PBXBuildFile; fileRef = 6C3BBC972684D0890079BE11 /* Assets.xcassets */; };
		6C3BBC9B2684D0890079BE11 /* LaunchScreen.storyboard in Resources */ = {isa = PBXBuildFile; fileRef = 6C3BBC992684D0890079BE11 /* LaunchScreen.storyboard */; };
		6C3BBCA62684D0890079BE11 /* MyAppTests.swift in Sources */ = {isa = PBXBuildFile; fileRef = 6C3BBCA52684D0890079BE11 /* MyAppTests.swift */; };
		6C3BBCB12684D0890079BE11 /* MyAppUITests.swift in Sources */ = {isa = PBXBuildFile; fileRef = 6C3BBCB02684D0890079BE11 /* MyAppUITests.swift */; };
/* End PBXBuildFile section */

/* Begin PBXContainerItemProxy section */
		6C3BBCA22684D0890079BE11 /* PBXContainerItemProxy */ = {
			isa = PBXContainerItemProxy;
			containerPortal = 6C3BBC832684D0880079BE11 /* Project object */;
			proxyType = 1;
			remoteGlobalIDString = 6C3BBC8A2684D0880079BE11;
			remoteInfo = MyApp;
		};
		6C3BBCAD2684D0890079BE11 /* PBXContainerItemProxy */ = {
			isa = PBXContainerItemProxy;
			containerPortal = 6C3BBC832684D0880079BE11 /* Project object */;
			proxyType = 1;
			remoteGlobalIDString = 6C3BBC8A2684D0880079BE11;
			remoteInfo = MyApp;
		};
/* End PBXContainerItemProxy section */

/* Begin PBXFileReference section */
		6C3BBC8B2684D0880079BE11 /* MyApp.app */ = {isa = PBXFileReference; explicitFileType = wrapper.application; includeInIndex = 0; path = MyApp.app; sourceTree = BUILT_PRODUCTS_DIR; };
		6C3BBC8E2684D0880079BE11 /* AppDelegate.swift */ = {isa = PBXFileReference; lastKnownFileType = sourcecode.swift; path = AppDelegate.swift; sourceTree = "<group>"; };
		6C3BBC902684D0880079BE11 /* SceneDelegate.swift */ = {isa = PBXFileReference; lastKnownFileType = sourcecode.swift; path = SceneDelegate.swift; sourceTree = "<group>"; };
		6C3BBC922684D0880079BE11 /* ViewController.swift */ = {isa = PBXFileReference; lastKnownFileType = sourcecode.swift; path = ViewController.swift; sourceTree = "<group>"; };
		6C3BBC952684D0880079BE11 /* Base */ = {isa = PBXFileReference; lastKnownFileType = file.storyboard; name = Base; path = Base.lproj/Main.storyboard; sourceTree = "<group>"; };
		6C3BBC972684D0890079BE11 /* Assets.xcassets */ = {isa = PBXFileReference; lastKnownFileType = folder.assetcatalog; path = Assets.xcassets; sourceTree = "<group>"; };
		6C3BBC9A2684D0890079BE11 /* Base */ = {isa = PBXFileReference; lastKnownFileType = file.storyboard; name = Base; path = Base.lproj/LaunchScreen.storyboard; sourceTree = "<group>"; };
		6C3BBC9C2684D0890079BE11 /* Info.plist */ = {isa = PBXFileReference; lastKnownFileType = text.plist.xml; path = Info.plist; sourceTree = "<group>"; };
		6C3BBCA12684D0890079BE11 /* MyAppTests.xctest */ = {isa = PBXFileReference; explicitFileType = wrapper.cfbundle; includeInIndex = 0; path = MyAppTests.xctest; sourceTree = BUILT_PRODUCTS_DIR; };
		6C3BBCA52684D0890079BE11 /* MyAppTests.swift */ = {isa = PBXFileReference; lastKnownFileType = sourcecode.swift; path = MyAppTests.swift; sourceTree = "<group>"; };
		6C3BBCA72684D0890079BE11 /* Info.plist */ = {isa = PBXFileReference; lastKnownFileType = text.plist.xml; path = Info.plist; sourceTree = "<group>"; };
		6C3BBCAC2684D0890079BE11 /* MyAppUITests.xctest */ = {isa = PBXFileReference; explicitFileType = wrapper.cfbundle; includeInIndex = 0; path = MyAppUITests.xctest; sourceTree = BUILT_PRODUCTS_DIR; };
		6C3BBCB02684D0890079BE11 /* MyAppUITests.swift */ = {isa = PBXFileReference; lastKnownFileType = sourcecode.swift; path = MyAppUITests.swift; sourceTree = "<group>"; };
		6C3BBCB22684D0890079BE11 /* Info.plist */ = {isa = PBXFileReference; lastKnownFileType = text.plist.xml; path = Info.plist; sourceTree = "<group>"; };
/* End PBXFileReference section */

/* Begin PBXFrameworksBuildPhase section */
		6C3BBC882684D0880079BE11 /* Frameworks */ = {
			isa = PBXFrameworksBuildPhase;
			buildActionMask = 2147483647;
			files = (
			);
			runOnlyForDeploymentPostprocessing = 0;
		};
		6C3BBC9E2684D0890079BE11 /* Frameworks */ = {
			isa = PBXFrameworksBuildPhase;
			buildActionMask = 2147483647;
			files = (
			);
			runOnlyForDeploymentPostprocessing = 0;
		};
		6C3BBCA92684D0890079BE11 /* Frameworks */ = {
			isa = PBXFrameworksBuildPhase;
			buildActionMask = 2147483647;
			files = (
			);
			runOnlyForDeploymentPostprocessing = 0;
		};
/* End PBXFrameworksBuildPhase section */

/* Begin PBXGroup section */
		6C3BBC822684D0880079BE11 = {
			isa = PBXGroup;
			children = (
				6C3BBC8D2684D0880079BE11 /* MyApp */,
				6C3BBCA42684D0890079BE11 /* MyAppTests */,
				6C3BBCAF2684D0890079BE11 /* MyAppUITests */,
				6C3BBC8C2684D0880079BE11 /* Products */,
			);
			sourceTree = "<group>";
		};
		6C3BBC8C2684D0880079BE11 /* Products */ = {
			isa = PBXGroup;
			children = (
				6C3BBC8B2684D0880079BE11 /* MyApp.app */,
				6C3BBCA12684D0890079BE11 /* MyAppTests.xctest */,
				6C3BBCAC2684D0890079BE11 /* MyAppUITests.xctest */,
			);
			name = Products;
			sourceTree = "<group>";
		};
		6C3BBC8D2684D0880079BE11 /* MyApp */ = {
			isa = PBXGroup;
			children = (
				6C3BBC8E2684D0880079BE11 /* AppDelegate.swift */,
				6C3BBC902684D0880079BE11 /* SceneDelegate.swift */,
				6C3BBC922684D0880079BE11 /* ViewController.swift */,
				6C3BBC942684D0880079BE11 /* Main.storyboard */,
				6C3BBC972684D0890079BE11 /* Assets.xcassets */,
				6C3BBC992684D0890079BE11 /* LaunchScreen.storyboard */,
				6C3BBC9C2684D0890079BE11 /* Info.plist */,
			);
			path = MyApp;
			sourceTree = "<group>";
		};
		6C3BBCA42684D0890079BE11 /* MyAppTests */ = {
			isa = PBXGroup;
			children = (
				6C3BBCA52684D0890079BE11 /* MyAppTests.swift */,
				6C3BBCA72684D0890079BE11 /* Info.plist */,
			);
			path = MyAppTests;
			sourceTree = "<group>";
		};
		6C3BBCAF2684D0890079BE11 /* MyAppUITests */ = {
			isa = PBXGroup;
			children = (
				6C3BBCB02684D0890079BE11 /* MyAppUITests.swift */,
				6C3BBCB22684D0890079BE11 /* Info.plist */,
			);
			path = MyAppUITests;
			sourceTree = "<group>";
		};
/* End PBXGroup section */

/* Begin PBXNativeTarget section */
		6C3BBC8A2684D0880079BE11 /* MyApp */ = {
			isa = PBXNativeTarget;
			buildConfigurationList = 6C3BBCB52684D0890079BE11 /* Build configuration list for PBXNativeTarget "MyApp" */;
			buildPhases = (
				6C3BBC872684D0880079BE11 /* Sources */,
				6C3BBC882684D0880079BE11 /* Frameworks */,
				6C3BBC892684D0880079BE11 /* Resources */,
			);
			buildRules = (
			);
			dependencies = (
			);
			name = MyApp;
			productName = MyApp;
			productReference = 6C3BBC8B2684D0880079BE11 /* MyApp.app */;
			productType = "com.apple.product-type.application";
		};
		6C3BBCA02684D0890079BE11 /* MyAppTests */ = {
			isa = PBXNativeTarget;
			buildConfigurationList = 6C3BBCB82684D0890079BE11 /* Build configuration list for PBXNativeTarget "MyAppTests" */;
			buildPhases = (
				6C3BBC9D2684D0890079BE11 /* Sources */,
				6C3BBC9E2684D0890079BE11 /* Frameworks */,
				6C3BBC9F2684D0890079BE11 /* Resources */,
			);
			buildRules = (
			);
			dependencies = (
				6C3BBCA32684D0890079BE11 /* PBXTargetDependency */,
			);
			name = MyAppTests;
			productName = MyAppTests;
			productReference = 6C3BBCA12684D0890079BE11 /* MyAppTests.xctest */;
			productType = "com.apple.product-type.bundle.unit-test";
		};
		6C3BBCAB2684D0890079BE11 /* MyAppUITests */ = {
			isa = PBXNativeTarget;
			buildConfigurationList = 6C3BBCBB2684D0890079BE11 /* Build configuration list for PBXNativeTarget "MyAppUITests" */;
			buildPhases = (
				6C3BBCA82684D0890079BE11 /* Sources */,
				6C3BBCA92684D0890079BE11 /* Frameworks */,
				6C3BBCAA2684D0890079BE11 /* Resources */,
			);
			buildRules = (
			);
			dependencies = (
				6C3BBCAE2684D0890079BE11 /* PBXTargetDependency */,
			);
			name = MyAppUITests;
			productName = MyAppUITests;
			productReference = 6C3BBCAC2684D0890079BE11 /* MyAppUITests.xctest */;
			productType = "com.apple.product-type.bundle.ui-testing";
		};
/* End PBXNativeTarget section */

/* Begin PBXProject section */
		6C3BBC832684D0880079BE11 /* Project object */ = {
			isa = PBXProject;
			attributes = {
				LastSwiftUpdateCheck = 1240;
				LastUpgradeCheck = 1240;
				TargetAttributes = {
					6C3BBC8A2684D0880079BE11 = {
						CreatedOnToolsVersion = 12.4;
					};
					6C3BBCA02684D0890079BE11 = {
						CreatedOnToolsVersion = 12.4;
						TestTargetID = 6C3BBC8A2684D0880079BE11;
					};
					6C3BBCAB2684D0890079BE11 = {
						CreatedOnToolsVersion = 12.4;
						TestTargetID = 6C3BBC8A2684D0880079BE11;
					};
				};
			};
			buildConfigurationList = 6C3BBC862684D0880079BE11 /* Build configuration list for PBXProject "MyApp" */;
			compatibilityVersion = "Xcode 9.3";
			developmentRegion = en;
			hasScannedForEncodings = 0;
			knownRegions = (
				en,
				Base,
			);
			mainGroup = 6C3BBC822684D0880079BE11;
			productRefGroup = 6C3BBC8C2684D0880079BE11 /* Products */;
			projectDirPath = "";
			projectRoot = "";
			targets = (
				6C3BBC8A2684D0880079BE11 /* MyApp */,
				6C3BBCA02684D0890079BE11 /* MyAppTests */,
				6C3BBCAB2684D0890079BE11 /* MyAppUITests */,
			);
		};
/* End PBXProject section */

/* Begin PBXResourcesBuildPhase section */
		6C3BBC892684D0880079BE11 /* Resources */ = {
			isa = PBXResourcesBuildPhase;
			buildActionMask = 2147483647;
			files = (
				6C3BBC9B2684D0890079BE11 /* LaunchScreen.storyboard in Resources */,
				6C3BBC982684D0890079BE11 /* Assets.xcassets in Resources */,
				6C3BBC962684D0880079BE11 /* Main.storyboard in Resources */,
			);
			runOnlyForDeploymentPostprocessing = 0;
		};
		6C3BBC9F2684D0890079BE11 /* Resources */ = {
			isa = PBXResourcesBuildPhase;
			buildActionMask = 2147483647;
			files = (
			);
			runOnlyForDeploymentPostprocessing = 0;
		};
		6C3BBCAA2684D0890079BE11 /* Resources */ = {
			isa = PBXResourcesBuildPhase;
			buildActionMask = 2147483647;
			files = (
			);
			runOnlyForDeploymentPostprocessing = 0;
		};
/* End PBXResourcesBuildPhase section */

/* Begin PBXSourcesBuildPhase section */
		6C3BBC872684D0880079BE11 /* Sources */ = {
			isa = PBXSourcesBuildPhase;
			buildActionMask = 2147483647;
			files = (
				6C3BBC932684D0880079BE11 /* ViewController.swift in Sources */,
				6C3BBC8F2684D0880079BE11 /* AppDelegate.swift in Sources */,
				6C3BBC912684D0880079BE11 /* SceneDelegate.swift in Sources */,
			);
			runOnlyForDeploymentPostprocessing = 0;
		};
		6C3BBC9D2684D0890079BE11 /* Sources */ = {
			isa = PBXSourcesBuildPhase;
			buildActionMask = 2147483647;
			files = (
				6C3BBCA62684D0890079BE11 /* MyAppTests.swift in Sources */,
			);
			runOnlyForDeploymentPostprocessing = 0;
		};
		6C3BBCA82684D0890079BE11 /* Sources */ = {
			isa = PBXSourcesBuildPhase;
			buildActionMask = 2147483647;
			files = (
				6C3BBCB12684D0890079BE11 /* MyAppUITests.swift in Sources */,
			);
			runOnlyForDeploymentPostprocessing = 0;
		};
/* End PBXSourcesBuildPhase section */

/* Begin PBXTargetDependency section */
		6C3BBCA32684D0890079BE11 /* PBXTargetDependency */ = {
			isa = PBXTargetDependency;
			target = 6C3BBC8A2684D0880079BE11 /* MyApp */;
			targetProxy = 6C3BBCA22684D0890079BE11 /* PBXContainerItemProxy */;
		};
		6C3BBCAE2684D0890079BE11 /* PBXTargetDependency */ = {
			isa = PBXTargetDependency;
			target = 6C3BBC8A2684D0880079BE11 /* MyApp */;
			targetProxy = 6C3BBCAD2684D0890079BE11 /* PBXContainerItemProxy */;
		};
/* End PBXTargetDependency section */

/* Begin PBXVariantGroup section */
		6C3BBC942684D0880079BE11 /* Main.storyboard */ = {
			isa = PBXVariantGroup;
			children = (
				6C3BBC952684D0880079BE11 /* Base */,
			);
			name = Main.storyboard;
			sourceTree = "<group>";
		};
		6C3BBC992684D0890079BE11 /* LaunchScreen.storyboard */ = {
			isa = PBXVariantGroup;
			children = (
				6C3BBC9A2684D0890079BE11 /* Base */,
			);
			name = LaunchScreen.storyboard;
			sourceTree = "<group>";
		};
/* End PBXVariantGroup section */

/* Begin XCBuildConfiguration section */
		6C3BBCB32684D0890079BE11 /* Debug */ = {
			isa = XCBuildConfiguration;
			buildSettings = {
				ALWAYS_SEARCH_USER_PATHS = NO;
				CLANG_ANALYZER_NONNULL = YES;
				CLANG_ANALYZER_NUMBER_OBJECT_CONVERSION = YES_AGGRESSIVE;
				CLANG_CXX_LANGUAGE_STANDARD = "gnu++14";
				CLANG_CXX_LIBRARY = "libc++";
				CLANG_ENABLE_MODULES = YES;
				CLANG_ENABLE_OBJC_ARC = YES;
				CLANG_ENABLE_OBJC_WEAK = YES;
				CLANG_WARN_BLOCK_CAPTURE_AUTORELEASING = YES;
				CLANG_WARN_BOOL_CONVERSION = YES;
				CLANG_WARN_COMMA = YES;
				CLANG_WARN_CONSTANT_CONVERSION = YES;
				CLANG_WARN_DEPRECATED_OBJC_IMPLEMENTATIONS = YES;
				CLANG_WARN_DIRECT_OBJC_ISA_USAGE = YES_ERROR;
				CLANG_WARN_DOCUMENTATION_COMMENTS = YES;
				CLANG_WARN_EMPTY_BODY = YES;
				CLANG_WARN_ENUM_CONVERSION = YES;
				CLANG_WARN_INFINITE_RECURSION = YES;
				CLANG_WARN_INT_CONVERSION = YES;
				CLANG_WARN_NON_LITERAL_NULL_CONVERSION = YES;
				CLANG_WARN_OBJC_IMPLICIT_RETAIN_SELF = YES;
				CLANG_WARN_OBJC_LITERAL_CONVERSION = YES;
				CLANG_WARN_OBJC_ROOT_CLASS = YES_ERROR;
				CLANG_WARN_QUOTED_INCLUDE_IN_FRAMEWORK_HEADER = YES;
				CLANG_WARN_RANGE_LOOP_ANALYSIS = YES;
				CLANG_WARN_STRICT_PROTOTYPES = YES;
				CLANG_WARN_SUSPICIOUS_MOVE = YES;
				CLANG_WARN_UNGUARDED_AVAILABILITY = YES_AGGRESSIVE;
				CLANG_WARN_UNREACHABLE_CODE = YES;
				CLANG_WARN__DUPLICATE_METHOD_MATCH = YES;
				COPY_PHASE_STRIP = NO;
				DEBUG_INFORMATION_FORMAT = dwarf;
				ENABLE_STRICT_OBJC_MSGSEND = YES;
				ENABLE_TESTABILITY = YES;
				GCC_C_LANGUAGE_STANDARD = gnu11;
				GCC_DYNAMIC_NO_PIC = NO;
				GCC_NO_COMMON_BLOCKS = YES;
				GCC_OPTIMIZATION_LEVEL = 0;
				GCC_PREPROCESSOR_DEFINITIONS = (
					"DEBUG=1",
					"$(inherited)",
				);
				GCC_WARN_64_TO_32_BIT_CONVERSION = YES;
				GCC_WARN_ABOUT_RETURN_TYPE = YES_ERROR;
				GCC_WARN_UNDECLARED_SELECTOR = YES;
				GCC_WARN_UNINITIALIZED_AUTOS = YES_AGGRESSIVE;
				GCC_WARN_UNUSED_FUNCTION = YES;
				GCC_WARN_UNUSED_VARIABLE = YES;
				IPHONEOS_DEPLOYMENT_TARGET = 14.4;
				MTL_ENABLE_DEBUG_INFO = INCLUDE_SOURCE;
				MTL_FAST_MATH = YES;
				ONLY_ACTIVE_ARCH = YES;
				SDKROOT = iphoneos;
				SWIFT_ACTIVE_COMPILATION_CONDITIONS = DEBUG;
				SWIFT_OPTIMIZATION_LEVEL = "-Onone";
			};
			name = Debug;
		};
		6C3BBCB42684D0890079BE11 /* Release */ = {
			isa = XCBuildConfiguration;
			buildSettings = {
				ALWAYS_SEARCH_USER_PATHS = NO;
				CLANG_ANALYZER_NONNULL = YES;
				CLANG_ANALYZER_NUMBER_OBJECT_CONVERSION = YES_AGGRESSIVE;
				CLANG_CXX_LANGUAGE_STANDARD = "gnu++14";
				CLANG_CXX_LIBRARY = "libc++";
				CLANG_ENABLE_MODULES = YES;
				CLANG_ENABLE_OBJC_ARC = YES;
				CLANG_ENABLE_OBJC_WEAK = YES;
				CLANG_WARN_BLOCK_CAPTURE_AUTORELEASING = YES;
				CLANG_WARN_BOOL_CONVERSION = YES;
				CLANG_WARN_COMMA = YES;
				CLANG_WARN_CONSTANT_CONVERSION = YES;
				CLANG_WARN_DEPRECATED_OBJC_IMPLEMENTATIONS = YES;
				CLANG_WARN_DIRECT_OBJC_ISA_USAGE = YES_ERROR;
				CLANG_WARN_DOCUMENTATION_COMMENTS = YES;
				CLANG_WARN_EMPTY_BODY = YES;
				CLANG_WARN_ENUM_CONVERSION = YES;
				CLANG_WARN_INFINITE_RECURSION = YES;
				CLANG_WARN_INT_CONVERSION = YES;
				CLANG_WARN_NON_LITERAL_NULL_CONVERSION = YES;
				CLANG_WARN_OBJC_IMPLICIT_RETAIN_SELF = YES;
				CLANG_WARN_OBJC_LITERAL_CONVERSION = YES;
				CLANG_WARN_OBJC_ROOT_CLASS = YES_ERROR;
				CLANG_WARN_QUOTED_INCLUDE_IN_FRAMEWORK_HEADER = YES;
				CLANG_WARN_RANGE_LOOP_ANALYSIS = YES;
				CLANG_WARN_STRICT_PROTOTYPES = YES;
				CLANG_WARN_SUSPICIOUS_MOVE = YES;
				CLANG_WARN_UNGUARDED_AVAILABILITY = YES_AGGRESSIVE;
				CLANG_WARN_UNREACHABLE_CODE = YES;
				CLANG_WARN__DUPLICATE_METHOD_MATCH = YES;
				COPY_PHASE_STRIP = NO;
				DEBUG_INFORMATION_FORMAT = "dwarf-with-dsym";
				ENABLE_NS_ASSERTIONS = NO;
				ENABLE_STRICT_OBJC_MSGSEND = YES;
				GCC_C_LANGUAGE_STANDARD = gnu11;
				GCC_NO_COMMON_BLOCKS = YES;
				GCC_WARN_64_TO_32_BIT_CONVERSION = YES;
				GCC_WARN_ABOUT_RETURN_TYPE = YES_ERROR;
				GCC_WARN_UNDECLARED_SELECTOR = YES;
				GCC_WARN_UNINITIALIZED_AUTOS = YES_AGGRESSIVE;
				GCC_WARN_UNUSED_FUNCTION = YES;
				GCC_WARN_UNUSED_VARIABLE = YES;
				IPHONEOS_DEPLOYMENT_TARGET = 14.4;
				MTL_ENABLE_DEBUG_INFO = NO;
				MTL_FAST_MATH = YES;
				SDKROOT = iphoneos;
				SWIFT_COMPILATION_MODE = wholemodule;
				SWIFT_OPTIMIZATION_LEVEL = "-O";
				VALIDATE_PRODUCT = YES;
			};
			name = Release;
		};
		6C3BBCB62684D0890079BE11 /* Debug */ = {
			isa = XCBuildConfiguration;
			buildSettings = {
				ASSETCATALOG_COMPILER_APPICON_NAME = AppIcon;
				ASSETCATALOG_COMPILER_GLOBAL_ACCENT_COLOR_NAME = AccentColor;
				CODE_SIGN_STYLE = Automatic;
				INFOPLIST_FILE = MyApp/Info.plist;
				LD_RUNPATH_SEARCH_PATHS = (
					"$(inherited)",
					"@executable_path/Frameworks",
				);
				PRODUCT_BUNDLE_IDENTIFIER = wrathofangeredforce.MyApp;
				PRODUCT_NAME = "$(TARGET_NAME)";
				SWIFT_VERSION = 5.0;
				TARGETED_DEVICE_FAMILY = "1,2";
			};
			name = Debug;
		};
		6C3BBCB72684D0890079BE11 /* Release */ = {
			isa = XCBuildConfiguration;
			buildSettings = {
				ASSETCATALOG_COMPILER_APPICON_NAME = AppIcon;
				ASSETCATALOG_COMPILER_GLOBAL_ACCENT_COLOR_NAME = AccentColor;
				CODE_SIGN_STYLE = Automatic;
				INFOPLIST_FILE = MyApp/Info.plist;
				LD_RUNPATH_SEARCH_PATHS = (
					"$(inherited)",
					"@executable_path/Frameworks",
				);
				PRODUCT_BUNDLE_IDENTIFIER = wrathofangeredforce.MyApp;
				PRODUCT_NAME = "$(TARGET_NAME)";
				SWIFT_VERSION = 5.0;
				TARGETED_DEVICE_FAMILY = "1,2";
			};
			name = Release;
		};
		6C3BBCB92684D0890079BE11 /* Debug */ = {
			isa = XCBuildConfiguration;
			buildSettings = {
				ALWAYS_EMBED_SWIFT_STANDARD_LIBRARIES = YES;
				BUNDLE_LOADER = "$(TEST_HOST)";
				CODE_SIGN_STYLE = Automatic;
				INFOPLIST_FILE = MyAppTests/Info.plist;
				IPHONEOS_DEPLOYMENT_TARGET = 14.4;
				LD_RUNPATH_SEARCH_PATHS = (
					"$(inherited)",
					"@executable_path/Frameworks",
					"@loader_path/Frameworks",
				);
				PRODUCT_BUNDLE_IDENTIFIER = wrathofangeredforce.MyAppTests;
				PRODUCT_NAME = "$(TARGET_NAME)";
				SWIFT_VERSION = 5.0;
				TARGETED_DEVICE_FAMILY = "1,2";
				TEST_HOST = "$(BUILT_PRODUCTS_DIR)/MyApp.app/MyApp";
			};
			name = Debug;
		};
		6C3BBCBA2684D0890079BE11 /* Release */ = {
			isa = XCBuildConfiguration;
			buildSettings = {
				ALWAYS_EMBED_SWIFT_STANDARD_LIBRARIES = YES;
				BUNDLE_LOADER = "$(TEST_HOST)";
				CODE_SIGN_STYLE = Automatic;
				INFOPLIST_FILE = MyAppTests/Info.plist;
				IPHONEOS_DEPLOYMENT_TARGET = 14.4;
				LD_RUNPATH_SEARCH_PATHS = (
					"$(inherited)",
					"@executable_path/Frameworks",
					"@loader_path/Frameworks",
				);
				PRODUCT_BUNDLE_IDENTIFIER = wrathofangeredforce.MyAppTests;
				PRODUCT_NAME = "$(TARGET_NAME)";
				SWIFT_VERSION = 5.0;
				TARGETED_DEVICE_FAMILY = "1,2";
				TEST_HOST = "$(BUILT_PRODUCTS_DIR)/MyApp.app/MyApp";
			};
			name = Release;
		};
		6C3BBCBC2684D0890079BE11 /* Debug */ = {
			isa = XCBuildConfiguration;
			buildSettings = {
				ALWAYS_EMBED_SWIFT_STANDARD_LIBRARIES = YES;
				CODE_SIGN_STYLE = Automatic;
				INFOPLIST_FILE = MyAppUITests/Info.plist;
				LD_RUNPATH_SEARCH_PATHS = (
					"$(inherited)",
					"@executable_path/Frameworks",
					"@loader_path/Frameworks",
				);
				PRODUCT_BUNDLE_IDENTIFIER = wrathofangeredforce.MyAppUITests;
				PRODUCT_NAME = "$(TARGET_NAME)";
				SWIFT_VERSION = 5.0;
				TARGETED_DEVICE_FAMILY = "1,2";
				TEST_TARGET_NAME = MyApp;
			};
			name = Debug;
		};
		6C3BBCBD2684D0890079BE11 /* Release */ = {
			isa = XCBuildConfiguration;
			buildSettings = {
				ALWAYS_EMBED_SWIFT_STANDARD_LIBRARIES = YES;
				CODE_SIGN_STYLE = Automatic;
				INFOPLIST_FILE = MyAppUITests/Info.plist;
				LD_RUNPATH_SEARCH_PATHS = (
					"$(inherited)",
					"@executable_path/Frameworks",
					"@loader_path/Frameworks",
				);
				PRODUCT_BUNDLE_IDENTIFIER = wrathofangeredforce.MyAppUITests;
				PRODUCT_NAME = "$(TARGET_NAME)";
				SWIFT_VERSION = 5.0;
				TARGETED_DEVICE_FAMILY = "1,2";
				TEST_TARGET_NAME = MyApp;
			};
			name = Release;
		};
/* End XCBuildConfiguration section */

/* Begin XCConfigurationList section */
		6C3BBC862684D0880079BE11 /* Build configuration list for PBXProject "MyApp" */ = {
			isa = XCConfigurationList;
			buildConfigurations = (
				6C3BBCB32684D0890079BE11 /* Debug */,
				6C3BBCB42684D0890079BE11 /* Release */,
			);
			defaultConfigurationIsVisible = 0;
			defaultConfigurationName = Release;
		};
		6C3BBCB52684D0890079BE11 /* Build configuration list for PBXNativeTarget "MyApp" */ = {
			isa = XCConfigurationList;
			buildConfigurations = (
				6C3BBCB62684D0890079BE11 /* Debug */,
				6C3BBCB72684D0890079BE11 /* Release */,
			);
			defaultConfigurationIsVisible = 0;
			defaultConfigurationName = Release;
		};
		6C3BBCB82684D0890079BE11 /* Build configuration list for PBXNativeTarget "MyAppTests" */ = {
			isa = XCConfigurationList;
			buildConfigurations = (
				6C3BBCB92684D0890079BE11 /* Debug */,
				6C3BBCBA2684D0890079BE11 /* Release */,
			);
			defaultConfigurationIsVisible = 0;
			defaultConfigurationName = Release;
		};
		6C3BBCBB2684D0890079BE11 /* Build configuration list for PBXNativeTarget "MyAppUITests" */ = {
			isa = XCConfigurationList;
			buildConfigurations = (
				6C3BBCBC2684D0890079BE11 /* Debug */,
				6C3BBCBD2684D0890079BE11 /* Release */,
			);
			defaultConfigurationIsVisible = 0;
			defaultConfigurationName = Release;
		};
/* End XCConfigurationList section */
	};
	rootObject = 6C3BBC832684D0880079BE11 /* Project object */;
}
