// !$*UTF8*$!
{
	archiveVersion = 1;
	classes = {
	};
	objectVersion = 50;
	objects = {

/* Begin PBXBuildFile section */
		6CACA2DA269207DF00D9C8B0 /* AppDelegate.swift in Sources */ = {isa = PBXBuildFile; fileRef = 6CACA2D9269207DF00D9C8B0 /* AppDelegate.swift */; };
		6CACA2DC269207DF00D9C8B0 /* SceneDelegate.swift in Sources */ = {isa = PBXBuildFile; fileRef = 6CACA2DB269207DF00D9C8B0 /* SceneDelegate.swift */; };
		6CACA2DE269207DF00D9C8B0 /* ViewController.swift in Sources */ = {isa = PBXBuildFile; fileRef = 6CACA2DD269207DF00D9C8B0 /* ViewController.swift */; };
		6CACA2E1269207DF00D9C8B0 /* Main.storyboard in Resources */ = {isa = PBXBuildFile; fileRef = 6CACA2DF269207DF00D9C8B0 /* Main.storyboard */; };
		6CACA2E3269207E000D9C8B0 /* Assets.xcassets in Resources */ = {isa = PBXBuildFile; fileRef = 6CACA2E2269207E000D9C8B0 /* Assets.xcassets */; };
		6CACA2E6269207E000D9C8B0 /* LaunchScreen.storyboard in Resources */ = {isa = PBXBuildFile; fileRef = 6CACA2E4269207E000D9C8B0 /* LaunchScreen.storyboard */; };
		6CACA2F1269207E000D9C8B0 /* LoginTests.swift in Sources */ = {isa = PBXBuildFile; fileRef = 6CACA2F0269207E000D9C8B0 /* LoginTests.swift */; };
		6CACA2FC269207E000D9C8B0 /* LoginUITests.swift in Sources */ = {isa = PBXBuildFile; fileRef = 6CACA2FB269207E000D9C8B0 /* LoginUITests.swift */; };
/* End PBXBuildFile section */

/* Begin PBXContainerItemProxy section */
		6CACA2ED269207E000D9C8B0 /* PBXContainerItemProxy */ = {
			isa = PBXContainerItemProxy;
			containerPortal = 6CACA2CE269207DF00D9C8B0 /* Project object */;
			proxyType = 1;
			remoteGlobalIDString = 6CACA2D5269207DF00D9C8B0;
			remoteInfo = Login;
		};
		6CACA2F8269207E000D9C8B0 /* PBXContainerItemProxy */ = {
			isa = PBXContainerItemProxy;
			containerPortal = 6CACA2CE269207DF00D9C8B0 /* Project object */;
			proxyType = 1;
			remoteGlobalIDString = 6CACA2D5269207DF00D9C8B0;
			remoteInfo = Login;
		};
/* End PBXContainerItemProxy section */

/* Begin PBXFileReference section */
		6CACA2D6269207DF00D9C8B0 /* Login.app */ = {isa = PBXFileReference; explicitFileType = wrapper.application; includeInIndex = 0; path = Login.app; sourceTree = BUILT_PRODUCTS_DIR; };
		6CACA2D9269207DF00D9C8B0 /* AppDelegate.swift */ = {isa = PBXFileReference; lastKnownFileType = sourcecode.swift; path = AppDelegate.swift; sourceTree = "<group>"; };
		6CACA2DB269207DF00D9C8B0 /* SceneDelegate.swift */ = {isa = PBXFileReference; lastKnownFileType = sourcecode.swift; path = SceneDelegate.swift; sourceTree = "<group>"; };
		6CACA2DD269207DF00D9C8B0 /* ViewController.swift */ = {isa = PBXFileReference; lastKnownFileType = sourcecode.swift; path = ViewController.swift; sourceTree = "<group>"; };
		6CACA2E0269207DF00D9C8B0 /* Base */ = {isa = PBXFileReference; lastKnownFileType = file.storyboard; name = Base; path = Base.lproj/Main.storyboard; sourceTree = "<group>"; };
		6CACA2E2269207E000D9C8B0 /* Assets.xcassets */ = {isa = PBXFileReference; lastKnownFileType = folder.assetcatalog; path = Assets.xcassets; sourceTree = "<group>"; };
		6CACA2E5269207E000D9C8B0 /* Base */ = {isa = PBXFileReference; lastKnownFileType = file.storyboard; name = Base; path = Base.lproj/LaunchScreen.storyboard; sourceTree = "<group>"; };
		6CACA2E7269207E000D9C8B0 /* Info.plist */ = {isa = PBXFileReference; lastKnownFileType = text.plist.xml; path = Info.plist; sourceTree = "<group>"; };
		6CACA2EC269207E000D9C8B0 /* LoginTests.xctest */ = {isa = PBXFileReference; explicitFileType = wrapper.cfbundle; includeInIndex = 0; path = LoginTests.xctest; sourceTree = BUILT_PRODUCTS_DIR; };
		6CACA2F0269207E000D9C8B0 /* LoginTests.swift */ = {isa = PBXFileReference; lastKnownFileType = sourcecode.swift; path = LoginTests.swift; sourceTree = "<group>"; };
		6CACA2F2269207E000D9C8B0 /* Info.plist */ = {isa = PBXFileReference; lastKnownFileType = text.plist.xml; path = Info.plist; sourceTree = "<group>"; };
		6CACA2F7269207E000D9C8B0 /* LoginUITests.xctest */ = {isa = PBXFileReference; explicitFileType = wrapper.cfbundle; includeInIndex = 0; path = LoginUITests.xctest; sourceTree = BUILT_PRODUCTS_DIR; };
		6CACA2FB269207E000D9C8B0 /* LoginUITests.swift */ = {isa = PBXFileReference; lastKnownFileType = sourcecode.swift; path = LoginUITests.swift; sourceTree = "<group>"; };
		6CACA2FD269207E000D9C8B0 /* Info.plist */ = {isa = PBXFileReference; lastKnownFileType = text.plist.xml; path = Info.plist; sourceTree = "<group>"; };
/* End PBXFileReference section */

/* Begin PBXFrameworksBuildPhase section */
		6CACA2D3269207DF00D9C8B0 /* Frameworks */ = {
			isa = PBXFrameworksBuildPhase;
			buildActionMask = 2147483647;
			files = (
			);
			runOnlyForDeploymentPostprocessing = 0;
		};
		6CACA2E9269207E000D9C8B0 /* Frameworks */ = {
			isa = PBXFrameworksBuildPhase;
			buildActionMask = 2147483647;
			files = (
			);
			runOnlyForDeploymentPostprocessing = 0;
		};
		6CACA2F4269207E000D9C8B0 /* Frameworks */ = {
			isa = PBXFrameworksBuildPhase;
			buildActionMask = 2147483647;
			files = (
			);
			runOnlyForDeploymentPostprocessing = 0;
		};
/* End PBXFrameworksBuildPhase section */

/* Begin PBXGroup section */
		6CACA2CD269207DF00D9C8B0 = {
			isa = PBXGroup;
			children = (
				6CACA2D8269207DF00D9C8B0 /* Login */,
				6CACA2EF269207E000D9C8B0 /* LoginTests */,
				6CACA2FA269207E000D9C8B0 /* LoginUITests */,
				6CACA2D7269207DF00D9C8B0 /* Products */,
			);
			sourceTree = "<group>";
		};
		6CACA2D7269207DF00D9C8B0 /* Products */ = {
			isa = PBXGroup;
			children = (
				6CACA2D6269207DF00D9C8B0 /* Login.app */,
				6CACA2EC269207E000D9C8B0 /* LoginTests.xctest */,
				6CACA2F7269207E000D9C8B0 /* LoginUITests.xctest */,
			);
			name = Products;
			sourceTree = "<group>";
		};
		6CACA2D8269207DF00D9C8B0 /* Login */ = {
			isa = PBXGroup;
			children = (
				6CACA2D9269207DF00D9C8B0 /* AppDelegate.swift */,
				6CACA2DB269207DF00D9C8B0 /* SceneDelegate.swift */,
				6CACA2DD269207DF00D9C8B0 /* ViewController.swift */,
				6CACA2DF269207DF00D9C8B0 /* Main.storyboard */,
				6CACA2E2269207E000D9C8B0 /* Assets.xcassets */,
				6CACA2E4269207E000D9C8B0 /* LaunchScreen.storyboard */,
				6CACA2E7269207E000D9C8B0 /* Info.plist */,
			);
			path = Login;
			sourceTree = "<group>";
		};
		6CACA2EF269207E000D9C8B0 /* LoginTests */ = {
			isa = PBXGroup;
			children = (
				6CACA2F0269207E000D9C8B0 /* LoginTests.swift */,
				6CACA2F2269207E000D9C8B0 /* Info.plist */,
			);
			path = LoginTests;
			sourceTree = "<group>";
		};
		6CACA2FA269207E000D9C8B0 /* LoginUITests */ = {
			isa = PBXGroup;
			children = (
				6CACA2FB269207E000D9C8B0 /* LoginUITests.swift */,
				6CACA2FD269207E000D9C8B0 /* Info.plist */,
			);
			path = LoginUITests;
			sourceTree = "<group>";
		};
/* End PBXGroup section */

/* Begin PBXNativeTarget section */
		6CACA2D5269207DF00D9C8B0 /* Login */ = {
			isa = PBXNativeTarget;
			buildConfigurationList = 6CACA300269207E000D9C8B0 /* Build configuration list for PBXNativeTarget "Login" */;
			buildPhases = (
				6CACA2D2269207DF00D9C8B0 /* Sources */,
				6CACA2D3269207DF00D9C8B0 /* Frameworks */,
				6CACA2D4269207DF00D9C8B0 /* Resources */,
			);
			buildRules = (
			);
			dependencies = (
			);
			name = Login;
			productName = Login;
			productReference = 6CACA2D6269207DF00D9C8B0 /* Login.app */;
			productType = "com.apple.product-type.application";
		};
		6CACA2EB269207E000D9C8B0 /* LoginTests */ = {
			isa = PBXNativeTarget;
			buildConfigurationList = 6CACA303269207E000D9C8B0 /* Build configuration list for PBXNativeTarget "LoginTests" */;
			buildPhases = (
				6CACA2E8269207E000D9C8B0 /* Sources */,
				6CACA2E9269207E000D9C8B0 /* Frameworks */,
				6CACA2EA269207E000D9C8B0 /* Resources */,
			);
			buildRules = (
			);
			dependencies = (
				6CACA2EE269207E000D9C8B0 /* PBXTargetDependency */,
			);
			name = LoginTests;
			productName = LoginTests;
			productReference = 6CACA2EC269207E000D9C8B0 /* LoginTests.xctest */;
			productType = "com.apple.product-type.bundle.unit-test";
		};
		6CACA2F6269207E000D9C8B0 /* LoginUITests */ = {
			isa = PBXNativeTarget;
			buildConfigurationList = 6CACA306269207E000D9C8B0 /* Build configuration list for PBXNativeTarget "LoginUITests" */;
			buildPhases = (
				6CACA2F3269207E000D9C8B0 /* Sources */,
				6CACA2F4269207E000D9C8B0 /* Frameworks */,
				6CACA2F5269207E000D9C8B0 /* Resources */,
			);
			buildRules = (
			);
			dependencies = (
				6CACA2F9269207E000D9C8B0 /* PBXTargetDependency */,
			);
			name = LoginUITests;
			productName = LoginUITests;
			productReference = 6CACA2F7269207E000D9C8B0 /* LoginUITests.xctest */;
			productType = "com.apple.product-type.bundle.ui-testing";
		};
/* End PBXNativeTarget section */

/* Begin PBXProject section */
		6CACA2CE269207DF00D9C8B0 /* Project object */ = {
			isa = PBXProject;
			attributes = {
				LastSwiftUpdateCheck = 1240;
				LastUpgradeCheck = 1240;
				TargetAttributes = {
					6CACA2D5269207DF00D9C8B0 = {
						CreatedOnToolsVersion = 12.4;
					};
					6CACA2EB269207E000D9C8B0 = {
						CreatedOnToolsVersion = 12.4;
						TestTargetID = 6CACA2D5269207DF00D9C8B0;
					};
					6CACA2F6269207E000D9C8B0 = {
						CreatedOnToolsVersion = 12.4;
						TestTargetID = 6CACA2D5269207DF00D9C8B0;
					};
				};
			};
			buildConfigurationList = 6CACA2D1269207DF00D9C8B0 /* Build configuration list for PBXProject "Login" */;
			compatibilityVersion = "Xcode 9.3";
			developmentRegion = en;
			hasScannedForEncodings = 0;
			knownRegions = (
				en,
				Base,
			);
			mainGroup = 6CACA2CD269207DF00D9C8B0;
			productRefGroup = 6CACA2D7269207DF00D9C8B0 /* Products */;
			projectDirPath = "";
			projectRoot = "";
			targets = (
				6CACA2D5269207DF00D9C8B0 /* Login */,
				6CACA2EB269207E000D9C8B0 /* LoginTests */,
				6CACA2F6269207E000D9C8B0 /* LoginUITests */,
			);
		};
/* End PBXProject section */

/* Begin PBXResourcesBuildPhase section */
		6CACA2D4269207DF00D9C8B0 /* Resources */ = {
			isa = PBXResourcesBuildPhase;
			buildActionMask = 2147483647;
			files = (
				6CACA2E6269207E000D9C8B0 /* LaunchScreen.storyboard in Resources */,
				6CACA2E3269207E000D9C8B0 /* Assets.xcassets in Resources */,
				6CACA2E1269207DF00D9C8B0 /* Main.storyboard in Resources */,
			);
			runOnlyForDeploymentPostprocessing = 0;
		};
		6CACA2EA269207E000D9C8B0 /* Resources */ = {
			isa = PBXResourcesBuildPhase;
			buildActionMask = 2147483647;
			files = (
			);
			runOnlyForDeploymentPostprocessing = 0;
		};
		6CACA2F5269207E000D9C8B0 /* Resources */ = {
			isa = PBXResourcesBuildPhase;
			buildActionMask = 2147483647;
			files = (
			);
			runOnlyForDeploymentPostprocessing = 0;
		};
/* End PBXResourcesBuildPhase section */

/* Begin PBXSourcesBuildPhase section */
		6CACA2D2269207DF00D9C8B0 /* Sources */ = {
			isa = PBXSourcesBuildPhase;
			buildActionMask = 2147483647;
			files = (
				6CACA2DE269207DF00D9C8B0 /* ViewController.swift in Sources */,
				6CACA2DA269207DF00D9C8B0 /* AppDelegate.swift in Sources */,
				6CACA2DC269207DF00D9C8B0 /* SceneDelegate.swift in Sources */,
			);
			runOnlyForDeploymentPostprocessing = 0;
		};
		6CACA2E8269207E000D9C8B0 /* Sources */ = {
			isa = PBXSourcesBuildPhase;
			buildActionMask = 2147483647;
			files = (
				6CACA2F1269207E000D9C8B0 /* LoginTests.swift in Sources */,
			);
			runOnlyForDeploymentPostprocessing = 0;
		};
		6CACA2F3269207E000D9C8B0 /* Sources */ = {
			isa = PBXSourcesBuildPhase;
			buildActionMask = 2147483647;
			files = (
				6CACA2FC269207E000D9C8B0 /* LoginUITests.swift in Sources */,
			);
			runOnlyForDeploymentPostprocessing = 0;
		};
/* End PBXSourcesBuildPhase section */

/* Begin PBXTargetDependency section */
		6CACA2EE269207E000D9C8B0 /* PBXTargetDependency */ = {
			isa = PBXTargetDependency;
			target = 6CACA2D5269207DF00D9C8B0 /* Login */;
			targetProxy = 6CACA2ED269207E000D9C8B0 /* PBXContainerItemProxy */;
		};
		6CACA2F9269207E000D9C8B0 /* PBXTargetDependency */ = {
			isa = PBXTargetDependency;
			target = 6CACA2D5269207DF00D9C8B0 /* Login */;
			targetProxy = 6CACA2F8269207E000D9C8B0 /* PBXContainerItemProxy */;
		};
/* End PBXTargetDependency section */

/* Begin PBXVariantGroup section */
		6CACA2DF269207DF00D9C8B0 /* Main.storyboard */ = {
			isa = PBXVariantGroup;
			children = (
				6CACA2E0269207DF00D9C8B0 /* Base */,
			);
			name = Main.storyboard;
			sourceTree = "<group>";
		};
		6CACA2E4269207E000D9C8B0 /* LaunchScreen.storyboard */ = {
			isa = PBXVariantGroup;
			children = (
				6CACA2E5269207E000D9C8B0 /* Base */,
			);
			name = LaunchScreen.storyboard;
			sourceTree = "<group>";
		};
/* End PBXVariantGroup section */

/* Begin XCBuildConfiguration section */
		6CACA2FE269207E000D9C8B0 /* Debug */ = {
			isa = XCBuildConfiguration;
			buildSettings = {
				ALWAYS_SEARCH_USER_PATHS = NO;
				CLANG_ANALYZER_NONNULL = YES;
				CLANG_ANALYZER_NUMBER_OBJECT_CONVERSION = YES_AGGRESSIVE;
				CLANG_CXX_LANGUAGE_STANDARD = "gnu++14";
				CLANG_CXX_LIBRARY = "libc++";
				CLANG_ENABLE_MODULES = YES;
				CLANG_ENABLE_OBJC_ARC = YES;
				CLANG_ENABLE_OBJC_WEAK = YES;
				CLANG_WARN_BLOCK_CAPTURE_AUTORELEASING = YES;
				CLANG_WARN_BOOL_CONVERSION = YES;
				CLANG_WARN_COMMA = YES;
				CLANG_WARN_CONSTANT_CONVERSION = YES;
				CLANG_WARN_DEPRECATED_OBJC_IMPLEMENTATIONS = YES;
				CLANG_WARN_DIRECT_OBJC_ISA_USAGE = YES_ERROR;
				CLANG_WARN_DOCUMENTATION_COMMENTS = YES;
				CLANG_WARN_EMPTY_BODY = YES;
				CLANG_WARN_ENUM_CONVERSION = YES;
				CLANG_WARN_INFINITE_RECURSION = YES;
				CLANG_WARN_INT_CONVERSION = YES;
				CLANG_WARN_NON_LITERAL_NULL_CONVERSION = YES;
				CLANG_WARN_OBJC_IMPLICIT_RETAIN_SELF = YES;
				CLANG_WARN_OBJC_LITERAL_CONVERSION = YES;
				CLANG_WARN_OBJC_ROOT_CLASS = YES_ERROR;
				CLANG_WARN_QUOTED_INCLUDE_IN_FRAMEWORK_HEADER = YES;
				CLANG_WARN_RANGE_LOOP_ANALYSIS = YES;
				CLANG_WARN_STRICT_PROTOTYPES = YES;
				CLANG_WARN_SUSPICIOUS_MOVE = YES;
				CLANG_WARN_UNGUARDED_AVAILABILITY = YES_AGGRESSIVE;
				CLANG_WARN_UNREACHABLE_CODE = YES;
				CLANG_WARN__DUPLICATE_METHOD_MATCH = YES;
				COPY_PHASE_STRIP = NO;
				DEBUG_INFORMATION_FORMAT = dwarf;
				ENABLE_STRICT_OBJC_MSGSEND = YES;
				ENABLE_TESTABILITY = YES;
				GCC_C_LANGUAGE_STANDARD = gnu11;
				GCC_DYNAMIC_NO_PIC = NO;
				GCC_NO_COMMON_BLOCKS = YES;
				GCC_OPTIMIZATION_LEVEL = 0;
				GCC_PREPROCESSOR_DEFINITIONS = (
					"DEBUG=1",
					"$(inherited)",
				);
				GCC_WARN_64_TO_32_BIT_CONVERSION = YES;
				GCC_WARN_ABOUT_RETURN_TYPE = YES_ERROR;
				GCC_WARN_UNDECLARED_SELECTOR = YES;
				GCC_WARN_UNINITIALIZED_AUTOS = YES_AGGRESSIVE;
				GCC_WARN_UNUSED_FUNCTION = YES;
				GCC_WARN_UNUSED_VARIABLE = YES;
				IPHONEOS_DEPLOYMENT_TARGET = 14.4;
				MTL_ENABLE_DEBUG_INFO = INCLUDE_SOURCE;
				MTL_FAST_MATH = YES;
				ONLY_ACTIVE_ARCH = YES;
				SDKROOT = iphoneos;
				SWIFT_ACTIVE_COMPILATION_CONDITIONS = DEBUG;
				SWIFT_OPTIMIZATION_LEVEL = "-Onone";
			};
			name = Debug;
		};
		6CACA2FF269207E000D9C8B0 /* Release */ = {
			isa = XCBuildConfiguration;
			buildSettings = {
				ALWAYS_SEARCH_USER_PATHS = NO;
				CLANG_ANALYZER_NONNULL = YES;
				CLANG_ANALYZER_NUMBER_OBJECT_CONVERSION = YES_AGGRESSIVE;
				CLANG_CXX_LANGUAGE_STANDARD = "gnu++14";
				CLANG_CXX_LIBRARY = "libc++";
				CLANG_ENABLE_MODULES = YES;
				CLANG_ENABLE_OBJC_ARC = YES;
				CLANG_ENABLE_OBJC_WEAK = YES;
				CLANG_WARN_BLOCK_CAPTURE_AUTORELEASING = YES;
				CLANG_WARN_BOOL_CONVERSION = YES;
				CLANG_WARN_COMMA = YES;
				CLANG_WARN_CONSTANT_CONVERSION = YES;
				CLANG_WARN_DEPRECATED_OBJC_IMPLEMENTATIONS = YES;
				CLANG_WARN_DIRECT_OBJC_ISA_USAGE = YES_ERROR;
				CLANG_WARN_DOCUMENTATION_COMMENTS = YES;
				CLANG_WARN_EMPTY_BODY = YES;
				CLANG_WARN_ENUM_CONVERSION = YES;
				CLANG_WARN_INFINITE_RECURSION = YES;
				CLANG_WARN_INT_CONVERSION = YES;
				CLANG_WARN_NON_LITERAL_NULL_CONVERSION = YES;
				CLANG_WARN_OBJC_IMPLICIT_RETAIN_SELF = YES;
				CLANG_WARN_OBJC_LITERAL_CONVERSION = YES;
				CLANG_WARN_OBJC_ROOT_CLASS = YES_ERROR;
				CLANG_WARN_QUOTED_INCLUDE_IN_FRAMEWORK_HEADER = YES;
				CLANG_WARN_RANGE_LOOP_ANALYSIS = YES;
				CLANG_WARN_STRICT_PROTOTYPES = YES;
				CLANG_WARN_SUSPICIOUS_MOVE = YES;
				CLANG_WARN_UNGUARDED_AVAILABILITY = YES_AGGRESSIVE;
				CLANG_WARN_UNREACHABLE_CODE = YES;
				CLANG_WARN__DUPLICATE_METHOD_MATCH = YES;
				COPY_PHASE_STRIP = NO;
				DEBUG_INFORMATION_FORMAT = "dwarf-with-dsym";
				ENABLE_NS_ASSERTIONS = NO;
				ENABLE_STRICT_OBJC_MSGSEND = YES;
				GCC_C_LANGUAGE_STANDARD = gnu11;
				GCC_NO_COMMON_BLOCKS = YES;
				GCC_WARN_64_TO_32_BIT_CONVERSION = YES;
				GCC_WARN_ABOUT_RETURN_TYPE = YES_ERROR;
				GCC_WARN_UNDECLARED_SELECTOR = YES;
				GCC_WARN_UNINITIALIZED_AUTOS = YES_AGGRESSIVE;
				GCC_WARN_UNUSED_FUNCTION = YES;
				GCC_WARN_UNUSED_VARIABLE = YES;
				IPHONEOS_DEPLOYMENT_TARGET = 14.4;
				MTL_ENABLE_DEBUG_INFO = NO;
				MTL_FAST_MATH = YES;
				SDKROOT = iphoneos;
				SWIFT_COMPILATION_MODE = wholemodule;
				SWIFT_OPTIMIZATION_LEVEL = "-O";
				VALIDATE_PRODUCT = YES;
			};
			name = Release;
		};
		6CACA301269207E000D9C8B0 /* Debug */ = {
			isa = XCBuildConfiguration;
			buildSettings = {
				ASSETCATALOG_COMPILER_APPICON_NAME = AppIcon;
				ASSETCATALOG_COMPILER_GLOBAL_ACCENT_COLOR_NAME = AccentColor;
				CODE_SIGN_STYLE = Automatic;
				INFOPLIST_FILE = Login/Info.plist;
				LD_RUNPATH_SEARCH_PATHS = (
					"$(inherited)",
					"@executable_path/Frameworks",
				);
				PRODUCT_BUNDLE_IDENTIFIER = wrathofangeredforce.Login;
				PRODUCT_NAME = "$(TARGET_NAME)";
				SWIFT_VERSION = 5.0;
				TARGETED_DEVICE_FAMILY = "1,2";
			};
			name = Debug;
		};
		6CACA302269207E000D9C8B0 /* Release */ = {
			isa = XCBuildConfiguration;
			buildSettings = {
				ASSETCATALOG_COMPILER_APPICON_NAME = AppIcon;
				ASSETCATALOG_COMPILER_GLOBAL_ACCENT_COLOR_NAME = AccentColor;
				CODE_SIGN_STYLE = Automatic;
				INFOPLIST_FILE = Login/Info.plist;
				LD_RUNPATH_SEARCH_PATHS = (
					"$(inherited)",
					"@executable_path/Frameworks",
				);
				PRODUCT_BUNDLE_IDENTIFIER = wrathofangeredforce.Login;
				PRODUCT_NAME = "$(TARGET_NAME)";
				SWIFT_VERSION = 5.0;
				TARGETED_DEVICE_FAMILY = "1,2";
			};
			name = Release;
		};
		6CACA304269207E000D9C8B0 /* Debug */ = {
			isa = XCBuildConfiguration;
			buildSettings = {
				ALWAYS_EMBED_SWIFT_STANDARD_LIBRARIES = YES;
				BUNDLE_LOADER = "$(TEST_HOST)";
				CODE_SIGN_STYLE = Automatic;
				INFOPLIST_FILE = LoginTests/Info.plist;
				IPHONEOS_DEPLOYMENT_TARGET = 14.4;
				LD_RUNPATH_SEARCH_PATHS = (
					"$(inherited)",
					"@executable_path/Frameworks",
					"@loader_path/Frameworks",
				);
				PRODUCT_BUNDLE_IDENTIFIER = wrathofangeredforce.LoginTests;
				PRODUCT_NAME = "$(TARGET_NAME)";
				SWIFT_VERSION = 5.0;
				TARGETED_DEVICE_FAMILY = "1,2";
				TEST_HOST = "$(BUILT_PRODUCTS_DIR)/Login.app/Login";
			};
			name = Debug;
		};
		6CACA305269207E000D9C8B0 /* Release */ = {
			isa = XCBuildConfiguration;
			buildSettings = {
				ALWAYS_EMBED_SWIFT_STANDARD_LIBRARIES = YES;
				BUNDLE_LOADER = "$(TEST_HOST)";
				CODE_SIGN_STYLE = Automatic;
				INFOPLIST_FILE = LoginTests/Info.plist;
				IPHONEOS_DEPLOYMENT_TARGET = 14.4;
				LD_RUNPATH_SEARCH_PATHS = (
					"$(inherited)",
					"@executable_path/Frameworks",
					"@loader_path/Frameworks",
				);
				PRODUCT_BUNDLE_IDENTIFIER = wrathofangeredforce.LoginTests;
				PRODUCT_NAME = "$(TARGET_NAME)";
				SWIFT_VERSION = 5.0;
				TARGETED_DEVICE_FAMILY = "1,2";
				TEST_HOST = "$(BUILT_PRODUCTS_DIR)/Login.app/Login";
			};
			name = Release;
		};
		6CACA307269207E000D9C8B0 /* Debug */ = {
			isa = XCBuildConfiguration;
			buildSettings = {
				ALWAYS_EMBED_SWIFT_STANDARD_LIBRARIES = YES;
				CODE_SIGN_STYLE = Automatic;
				INFOPLIST_FILE = LoginUITests/Info.plist;
				LD_RUNPATH_SEARCH_PATHS = (
					"$(inherited)",
					"@executable_path/Frameworks",
					"@loader_path/Frameworks",
				);
				PRODUCT_BUNDLE_IDENTIFIER = wrathofangeredforce.LoginUITests;
				PRODUCT_NAME = "$(TARGET_NAME)";
				SWIFT_VERSION = 5.0;
				TARGETED_DEVICE_FAMILY = "1,2";
				TEST_TARGET_NAME = Login;
			};
			name = Debug;
		};
		6CACA308269207E000D9C8B0 /* Release */ = {
			isa = XCBuildConfiguration;
			buildSettings = {
				ALWAYS_EMBED_SWIFT_STANDARD_LIBRARIES = YES;
				CODE_SIGN_STYLE = Automatic;
				INFOPLIST_FILE = LoginUITests/Info.plist;
				LD_RUNPATH_SEARCH_PATHS = (
					"$(inherited)",
					"@executable_path/Frameworks",
					"@loader_path/Frameworks",
				);
				PRODUCT_BUNDLE_IDENTIFIER = wrathofangeredforce.LoginUITests;
				PRODUCT_NAME = "$(TARGET_NAME)";
				SWIFT_VERSION = 5.0;
				TARGETED_DEVICE_FAMILY = "1,2";
				TEST_TARGET_NAME = Login;
			};
			name = Release;
		};
/* End XCBuildConfiguration section */

/* Begin XCConfigurationList section */
		6CACA2D1269207DF00D9C8B0 /* Build configuration list for PBXProject "Login" */ = {
			isa = XCConfigurationList;
			buildConfigurations = (
				6CACA2FE269207E000D9C8B0 /* Debug */,
				6CACA2FF269207E000D9C8B0 /* Release */,
			);
			defaultConfigurationIsVisible = 0;
			defaultConfigurationName = Release;
		};
		6CACA300269207E000D9C8B0 /* Build configuration list for PBXNativeTarget "Login" */ = {
			isa = XCConfigurationList;
			buildConfigurations = (
				6CACA301269207E000D9C8B0 /* Debug */,
				6CACA302269207E000D9C8B0 /* Release */,
			);
			defaultConfigurationIsVisible = 0;
			defaultConfigurationName = Release;
		};
		6CACA303269207E000D9C8B0 /* Build configuration list for PBXNativeTarget "LoginTests" */ = {
			isa = XCConfigurationList;
			buildConfigurations = (
				6CACA304269207E000D9C8B0 /* Debug */,
				6CACA305269207E000D9C8B0 /* Release */,
			);
			defaultConfigurationIsVisible = 0;
			defaultConfigurationName = Release;
		};
		6CACA306269207E000D9C8B0 /* Build configuration list for PBXNativeTarget "LoginUITests" */ = {
			isa = XCConfigurationList;
			buildConfigurations = (
				6CACA307269207E000D9C8B0 /* Debug */,
				6CACA308269207E000D9C8B0 /* Release */,
			);
			defaultConfigurationIsVisible = 0;
			defaultConfigurationName = Release;
		};
/* End XCConfigurationList section */
	};
	rootObject = 6CACA2CE269207DF00D9C8B0 /* Project object */;
}
