// !$*UTF8*$!
{
	archiveVersion = 1;
	classes = {
	};
	objectVersion = 50;
	objects = {

/* Begin PBXBuildFile section */
		6C73D60726936B22001F9868 /* OrangeViewController.swift in Sources */ = {isa = PBXBuildFile; fileRef = 6C73D60626936B22001F9868 /* OrangeViewController.swift */; };
		6C73D60C26936B93001F9868 /* BlueViewController.swift in Sources */ = {isa = PBXBuildFile; fileRef = 6C73D60B26936B93001F9868 /* BlueViewController.swift */; };
		6C73D61126936BA4001F9868 /* GreenViewController.swift in Sources */ = {isa = PBXBuildFile; fileRef = 6C73D61026936BA4001F9868 /* GreenViewController.swift */; };
		6C73D61626936BAC001F9868 /* YellowViewController.swift in Sources */ = {isa = PBXBuildFile; fileRef = 6C73D61526936BAC001F9868 /* YellowViewController.swift */; };
		6C9DBD9326935DF300B34BB2 /* AppDelegate.swift in Sources */ = {isa = PBXBuildFile; fileRef = 6C9DBD9226935DF300B34BB2 /* AppDelegate.swift */; };
		6C9DBD9526935DF300B34BB2 /* SceneDelegate.swift in Sources */ = {isa = PBXBuildFile; fileRef = 6C9DBD9426935DF300B34BB2 /* SceneDelegate.swift */; };
		6C9DBD9726935DF300B34BB2 /* RedViewController.swift in Sources */ = {isa = PBXBuildFile; fileRef = 6C9DBD9626935DF300B34BB2 /* RedViewController.swift */; };
		6C9DBD9A26935DF300B34BB2 /* Main.storyboard in Resources */ = {isa = PBXBuildFile; fileRef = 6C9DBD9826935DF300B34BB2 /* Main.storyboard */; };
		6C9DBD9C26935DF400B34BB2 /* Assets.xcassets in Resources */ = {isa = PBXBuildFile; fileRef = 6C9DBD9B26935DF400B34BB2 /* Assets.xcassets */; };
		6C9DBD9F26935DF400B34BB2 /* LaunchScreen.storyboard in Resources */ = {isa = PBXBuildFile; fileRef = 6C9DBD9D26935DF400B34BB2 /* LaunchScreen.storyboard */; };
		6C9DBDAA26935DF400B34BB2 /* RainbowTabsTests.swift in Sources */ = {isa = PBXBuildFile; fileRef = 6C9DBDA926935DF400B34BB2 /* RainbowTabsTests.swift */; };
		6C9DBDB526935DF400B34BB2 /* RainbowTabsUITests.swift in Sources */ = {isa = PBXBuildFile; fileRef = 6C9DBDB426935DF400B34BB2 /* RainbowTabsUITests.swift */; };
/* End PBXBuildFile section */

/* Begin PBXContainerItemProxy section */
		6C9DBDA626935DF400B34BB2 /* PBXContainerItemProxy */ = {
			isa = PBXContainerItemProxy;
			containerPortal = 6C9DBD8726935DF300B34BB2 /* Project object */;
			proxyType = 1;
			remoteGlobalIDString = 6C9DBD8E26935DF300B34BB2;
			remoteInfo = RainbowTabs;
		};
		6C9DBDB126935DF400B34BB2 /* PBXContainerItemProxy */ = {
			isa = PBXContainerItemProxy;
			containerPortal = 6C9DBD8726935DF300B34BB2 /* Project object */;
			proxyType = 1;
			remoteGlobalIDString = 6C9DBD8E26935DF300B34BB2;
			remoteInfo = RainbowTabs;
		};
/* End PBXContainerItemProxy section */

/* Begin PBXFileReference section */
		6C73D60626936B22001F9868 /* OrangeViewController.swift */ = {isa = PBXFileReference; lastKnownFileType = sourcecode.swift; path = OrangeViewController.swift; sourceTree = "<group>"; };
		6C73D60B26936B93001F9868 /* BlueViewController.swift */ = {isa = PBXFileReference; lastKnownFileType = sourcecode.swift; path = BlueViewController.swift; sourceTree = "<group>"; };
		6C73D61026936BA4001F9868 /* GreenViewController.swift */ = {isa = PBXFileReference; lastKnownFileType = sourcecode.swift; path = GreenViewController.swift; sourceTree = "<group>"; };
		6C73D61526936BAC001F9868 /* YellowViewController.swift */ = {isa = PBXFileReference; lastKnownFileType = sourcecode.swift; path = YellowViewController.swift; sourceTree = "<group>"; };
		6C9DBD8F26935DF300B34BB2 /* RainbowTabs.app */ = {isa = PBXFileReference; explicitFileType = wrapper.application; includeInIndex = 0; path = RainbowTabs.app; sourceTree = BUILT_PRODUCTS_DIR; };
		6C9DBD9226935DF300B34BB2 /* AppDelegate.swift */ = {isa = PBXFileReference; lastKnownFileType = sourcecode.swift; path = AppDelegate.swift; sourceTree = "<group>"; };
		6C9DBD9426935DF300B34BB2 /* SceneDelegate.swift */ = {isa = PBXFileReference; lastKnownFileType = sourcecode.swift; path = SceneDelegate.swift; sourceTree = "<group>"; };
		6C9DBD9626935DF300B34BB2 /* RedViewController.swift */ = {isa = PBXFileReference; lastKnownFileType = sourcecode.swift; path = RedViewController.swift; sourceTree = "<group>"; };
		6C9DBD9926935DF300B34BB2 /* Base */ = {isa = PBXFileReference; lastKnownFileType = file.storyboard; name = Base; path = Base.lproj/Main.storyboard; sourceTree = "<group>"; };
		6C9DBD9B26935DF400B34BB2 /* Assets.xcassets */ = {isa = PBXFileReference; lastKnownFileType = folder.assetcatalog; path = Assets.xcassets; sourceTree = "<group>"; };
		6C9DBD9E26935DF400B34BB2 /* Base */ = {isa = PBXFileReference; lastKnownFileType = file.storyboard; name = Base; path = Base.lproj/LaunchScreen.storyboard; sourceTree = "<group>"; };
		6C9DBDA026935DF400B34BB2 /* Info.plist */ = {isa = PBXFileReference; lastKnownFileType = text.plist.xml; path = Info.plist; sourceTree = "<group>"; };
		6C9DBDA526935DF400B34BB2 /* RainbowTabsTests.xctest */ = {isa = PBXFileReference; explicitFileType = wrapper.cfbundle; includeInIndex = 0; path = RainbowTabsTests.xctest; sourceTree = BUILT_PRODUCTS_DIR; };
		6C9DBDA926935DF400B34BB2 /* RainbowTabsTests.swift */ = {isa = PBXFileReference; lastKnownFileType = sourcecode.swift; path = RainbowTabsTests.swift; sourceTree = "<group>"; };
		6C9DBDAB26935DF400B34BB2 /* Info.plist */ = {isa = PBXFileReference; lastKnownFileType = text.plist.xml; path = Info.plist; sourceTree = "<group>"; };
		6C9DBDB026935DF400B34BB2 /* RainbowTabsUITests.xctest */ = {isa = PBXFileReference; explicitFileType = wrapper.cfbundle; includeInIndex = 0; path = RainbowTabsUITests.xctest; sourceTree = BUILT_PRODUCTS_DIR; };
		6C9DBDB426935DF400B34BB2 /* RainbowTabsUITests.swift */ = {isa = PBXFileReference; lastKnownFileType = sourcecode.swift; path = RainbowTabsUITests.swift; sourceTree = "<group>"; };
		6C9DBDB626935DF400B34BB2 /* Info.plist */ = {isa = PBXFileReference; lastKnownFileType = text.plist.xml; path = Info.plist; sourceTree = "<group>"; };
/* End PBXFileReference section */

/* Begin PBXFrameworksBuildPhase section */
		6C9DBD8C26935DF300B34BB2 /* Frameworks */ = {
			isa = PBXFrameworksBuildPhase;
			buildActionMask = 2147483647;
			files = (
			);
			runOnlyForDeploymentPostprocessing = 0;
		};
		6C9DBDA226935DF400B34BB2 /* Frameworks */ = {
			isa = PBXFrameworksBuildPhase;
			buildActionMask = 2147483647;
			files = (
			);
			runOnlyForDeploymentPostprocessing = 0;
		};
		6C9DBDAD26935DF400B34BB2 /* Frameworks */ = {
			isa = PBXFrameworksBuildPhase;
			buildActionMask = 2147483647;
			files = (
			);
			runOnlyForDeploymentPostprocessing = 0;
		};
/* End PBXFrameworksBuildPhase section */

/* Begin PBXGroup section */
		6C9DBD8626935DF300B34BB2 = {
			isa = PBXGroup;
			children = (
				6C9DBD9126935DF300B34BB2 /* RainbowTabs */,
				6C9DBDA826935DF400B34BB2 /* RainbowTabsTests */,
				6C9DBDB326935DF400B34BB2 /* RainbowTabsUITests */,
				6C9DBD9026935DF300B34BB2 /* Products */,
			);
			sourceTree = "<group>";
		};
		6C9DBD9026935DF300B34BB2 /* Products */ = {
			isa = PBXGroup;
			children = (
				6C9DBD8F26935DF300B34BB2 /* RainbowTabs.app */,
				6C9DBDA526935DF400B34BB2 /* RainbowTabsTests.xctest */,
				6C9DBDB026935DF400B34BB2 /* RainbowTabsUITests.xctest */,
			);
			name = Products;
			sourceTree = "<group>";
		};
		6C9DBD9126935DF300B34BB2 /* RainbowTabs */ = {
			isa = PBXGroup;
			children = (
				6C9DBD9226935DF300B34BB2 /* AppDelegate.swift */,
				6C9DBD9426935DF300B34BB2 /* SceneDelegate.swift */,
				6C9DBD9626935DF300B34BB2 /* RedViewController.swift */,
				6C9DBD9826935DF300B34BB2 /* Main.storyboard */,
				6C73D61026936BA4001F9868 /* GreenViewController.swift */,
				6C73D61526936BAC001F9868 /* YellowViewController.swift */,
				6C73D60B26936B93001F9868 /* BlueViewController.swift */,
				6C73D60626936B22001F9868 /* OrangeViewController.swift */,
				6C9DBD9B26935DF400B34BB2 /* Assets.xcassets */,
				6C9DBD9D26935DF400B34BB2 /* LaunchScreen.storyboard */,
				6C9DBDA026935DF400B34BB2 /* Info.plist */,
			);
			path = RainbowTabs;
			sourceTree = "<group>";
		};
		6C9DBDA826935DF400B34BB2 /* RainbowTabsTests */ = {
			isa = PBXGroup;
			children = (
				6C9DBDA926935DF400B34BB2 /* RainbowTabsTests.swift */,
				6C9DBDAB26935DF400B34BB2 /* Info.plist */,
			);
			path = RainbowTabsTests;
			sourceTree = "<group>";
		};
		6C9DBDB326935DF400B34BB2 /* RainbowTabsUITests */ = {
			isa = PBXGroup;
			children = (
				6C9DBDB426935DF400B34BB2 /* RainbowTabsUITests.swift */,
				6C9DBDB626935DF400B34BB2 /* Info.plist */,
			);
			path = RainbowTabsUITests;
			sourceTree = "<group>";
		};
/* End PBXGroup section */

/* Begin PBXNativeTarget section */
		6C9DBD8E26935DF300B34BB2 /* RainbowTabs */ = {
			isa = PBXNativeTarget;
			buildConfigurationList = 6C9DBDB926935DF400B34BB2 /* Build configuration list for PBXNativeTarget "RainbowTabs" */;
			buildPhases = (
				6C9DBD8B26935DF300B34BB2 /* Sources */,
				6C9DBD8C26935DF300B34BB2 /* Frameworks */,
				6C9DBD8D26935DF300B34BB2 /* Resources */,
			);
			buildRules = (
			);
			dependencies = (
			);
			name = RainbowTabs;
			productName = RainbowTabs;
			productReference = 6C9DBD8F26935DF300B34BB2 /* RainbowTabs.app */;
			productType = "com.apple.product-type.application";
		};
		6C9DBDA426935DF400B34BB2 /* RainbowTabsTests */ = {
			isa = PBXNativeTarget;
			buildConfigurationList = 6C9DBDBC26935DF400B34BB2 /* Build configuration list for PBXNativeTarget "RainbowTabsTests" */;
			buildPhases = (
				6C9DBDA126935DF400B34BB2 /* Sources */,
				6C9DBDA226935DF400B34BB2 /* Frameworks */,
				6C9DBDA326935DF400B34BB2 /* Resources */,
			);
			buildRules = (
			);
			dependencies = (
				6C9DBDA726935DF400B34BB2 /* PBXTargetDependency */,
			);
			name = RainbowTabsTests;
			productName = RainbowTabsTests;
			productReference = 6C9DBDA526935DF400B34BB2 /* RainbowTabsTests.xctest */;
			productType = "com.apple.product-type.bundle.unit-test";
		};
		6C9DBDAF26935DF400B34BB2 /* RainbowTabsUITests */ = {
			isa = PBXNativeTarget;
			buildConfigurationList = 6C9DBDBF26935DF400B34BB2 /* Build configuration list for PBXNativeTarget "RainbowTabsUITests" */;
			buildPhases = (
				6C9DBDAC26935DF400B34BB2 /* Sources */,
				6C9DBDAD26935DF400B34BB2 /* Frameworks */,
				6C9DBDAE26935DF400B34BB2 /* Resources */,
			);
			buildRules = (
			);
			dependencies = (
				6C9DBDB226935DF400B34BB2 /* PBXTargetDependency */,
			);
			name = RainbowTabsUITests;
			productName = RainbowTabsUITests;
			productReference = 6C9DBDB026935DF400B34BB2 /* RainbowTabsUITests.xctest */;
			productType = "com.apple.product-type.bundle.ui-testing";
		};
/* End PBXNativeTarget section */

/* Begin PBXProject section */
		6C9DBD8726935DF300B34BB2 /* Project object */ = {
			isa = PBXProject;
			attributes = {
				LastSwiftUpdateCheck = 1240;
				LastUpgradeCheck = 1240;
				TargetAttributes = {
					6C9DBD8E26935DF300B34BB2 = {
						CreatedOnToolsVersion = 12.4;
					};
					6C9DBDA426935DF400B34BB2 = {
						CreatedOnToolsVersion = 12.4;
						TestTargetID = 6C9DBD8E26935DF300B34BB2;
					};
					6C9DBDAF26935DF400B34BB2 = {
						CreatedOnToolsVersion = 12.4;
						TestTargetID = 6C9DBD8E26935DF300B34BB2;
					};
				};
			};
			buildConfigurationList = 6C9DBD8A26935DF300B34BB2 /* Build configuration list for PBXProject "RainbowTabs" */;
			compatibilityVersion = "Xcode 9.3";
			developmentRegion = en;
			hasScannedForEncodings = 0;
			knownRegions = (
				en,
				Base,
			);
			mainGroup = 6C9DBD8626935DF300B34BB2;
			productRefGroup = 6C9DBD9026935DF300B34BB2 /* Products */;
			projectDirPath = "";
			projectRoot = "";
			targets = (
				6C9DBD8E26935DF300B34BB2 /* RainbowTabs */,
				6C9DBDA426935DF400B34BB2 /* RainbowTabsTests */,
				6C9DBDAF26935DF400B34BB2 /* RainbowTabsUITests */,
			);
		};
/* End PBXProject section */

/* Begin PBXResourcesBuildPhase section */
		6C9DBD8D26935DF300B34BB2 /* Resources */ = {
			isa = PBXResourcesBuildPhase;
			buildActionMask = 2147483647;
			files = (
				6C9DBD9F26935DF400B34BB2 /* LaunchScreen.storyboard in Resources */,
				6C9DBD9C26935DF400B34BB2 /* Assets.xcassets in Resources */,
				6C9DBD9A26935DF300B34BB2 /* Main.storyboard in Resources */,
			);
			runOnlyForDeploymentPostprocessing = 0;
		};
		6C9DBDA326935DF400B34BB2 /* Resources */ = {
			isa = PBXResourcesBuildPhase;
			buildActionMask = 2147483647;
			files = (
			);
			runOnlyForDeploymentPostprocessing = 0;
		};
		6C9DBDAE26935DF400B34BB2 /* Resources */ = {
			isa = PBXResourcesBuildPhase;
			buildActionMask = 2147483647;
			files = (
			);
			runOnlyForDeploymentPostprocessing = 0;
		};
/* End PBXResourcesBuildPhase section */

/* Begin PBXSourcesBuildPhase section */
		6C9DBD8B26935DF300B34BB2 /* Sources */ = {
			isa = PBXSourcesBuildPhase;
			buildActionMask = 2147483647;
			files = (
				6C73D61126936BA4001F9868 /* GreenViewController.swift in Sources */,
				6C73D60726936B22001F9868 /* OrangeViewController.swift in Sources */,
				6C9DBD9726935DF300B34BB2 /* RedViewController.swift in Sources */,
				6C73D61626936BAC001F9868 /* YellowViewController.swift in Sources */,
				6C9DBD9326935DF300B34BB2 /* AppDelegate.swift in Sources */,
				6C73D60C26936B93001F9868 /* BlueViewController.swift in Sources */,
				6C9DBD9526935DF300B34BB2 /* SceneDelegate.swift in Sources */,
			);
			runOnlyForDeploymentPostprocessing = 0;
		};
		6C9DBDA126935DF400B34BB2 /* Sources */ = {
			isa = PBXSourcesBuildPhase;
			buildActionMask = 2147483647;
			files = (
				6C9DBDAA26935DF400B34BB2 /* RainbowTabsTests.swift in Sources */,
			);
			runOnlyForDeploymentPostprocessing = 0;
		};
		6C9DBDAC26935DF400B34BB2 /* Sources */ = {
			isa = PBXSourcesBuildPhase;
			buildActionMask = 2147483647;
			files = (
				6C9DBDB526935DF400B34BB2 /* RainbowTabsUITests.swift in Sources */,
			);
			runOnlyForDeploymentPostprocessing = 0;
		};
/* End PBXSourcesBuildPhase section */

/* Begin PBXTargetDependency section */
		6C9DBDA726935DF400B34BB2 /* PBXTargetDependency */ = {
			isa = PBXTargetDependency;
			target = 6C9DBD8E26935DF300B34BB2 /* RainbowTabs */;
			targetProxy = 6C9DBDA626935DF400B34BB2 /* PBXContainerItemProxy */;
		};
		6C9DBDB226935DF400B34BB2 /* PBXTargetDependency */ = {
			isa = PBXTargetDependency;
			target = 6C9DBD8E26935DF300B34BB2 /* RainbowTabs */;
			targetProxy = 6C9DBDB126935DF400B34BB2 /* PBXContainerItemProxy */;
		};
/* End PBXTargetDependency section */

/* Begin PBXVariantGroup section */
		6C9DBD9826935DF300B34BB2 /* Main.storyboard */ = {
			isa = PBXVariantGroup;
			children = (
				6C9DBD9926935DF300B34BB2 /* Base */,
			);
			name = Main.storyboard;
			sourceTree = "<group>";
		};
		6C9DBD9D26935DF400B34BB2 /* LaunchScreen.storyboard */ = {
			isa = PBXVariantGroup;
			children = (
				6C9DBD9E26935DF400B34BB2 /* Base */,
			);
			name = LaunchScreen.storyboard;
			sourceTree = "<group>";
		};
/* End PBXVariantGroup section */

/* Begin XCBuildConfiguration section */
		6C9DBDB726935DF400B34BB2 /* Debug */ = {
			isa = XCBuildConfiguration;
			buildSettings = {
				ALWAYS_SEARCH_USER_PATHS = NO;
				CLANG_ANALYZER_NONNULL = YES;
				CLANG_ANALYZER_NUMBER_OBJECT_CONVERSION = YES_AGGRESSIVE;
				CLANG_CXX_LANGUAGE_STANDARD = "gnu++14";
				CLANG_CXX_LIBRARY = "libc++";
				CLANG_ENABLE_MODULES = YES;
				CLANG_ENABLE_OBJC_ARC = YES;
				CLANG_ENABLE_OBJC_WEAK = YES;
				CLANG_WARN_BLOCK_CAPTURE_AUTORELEASING = YES;
				CLANG_WARN_BOOL_CONVERSION = YES;
				CLANG_WARN_COMMA = YES;
				CLANG_WARN_CONSTANT_CONVERSION = YES;
				CLANG_WARN_DEPRECATED_OBJC_IMPLEMENTATIONS = YES;
				CLANG_WARN_DIRECT_OBJC_ISA_USAGE = YES_ERROR;
				CLANG_WARN_DOCUMENTATION_COMMENTS = YES;
				CLANG_WARN_EMPTY_BODY = YES;
				CLANG_WARN_ENUM_CONVERSION = YES;
				CLANG_WARN_INFINITE_RECURSION = YES;
				CLANG_WARN_INT_CONVERSION = YES;
				CLANG_WARN_NON_LITERAL_NULL_CONVERSION = YES;
				CLANG_WARN_OBJC_IMPLICIT_RETAIN_SELF = YES;
				CLANG_WARN_OBJC_LITERAL_CONVERSION = YES;
				CLANG_WARN_OBJC_ROOT_CLASS = YES_ERROR;
				CLANG_WARN_QUOTED_INCLUDE_IN_FRAMEWORK_HEADER = YES;
				CLANG_WARN_RANGE_LOOP_ANALYSIS = YES;
				CLANG_WARN_STRICT_PROTOTYPES = YES;
				CLANG_WARN_SUSPICIOUS_MOVE = YES;
				CLANG_WARN_UNGUARDED_AVAILABILITY = YES_AGGRESSIVE;
				CLANG_WARN_UNREACHABLE_CODE = YES;
				CLANG_WARN__DUPLICATE_METHOD_MATCH = YES;
				COPY_PHASE_STRIP = NO;
				DEBUG_INFORMATION_FORMAT = dwarf;
				ENABLE_STRICT_OBJC_MSGSEND = YES;
				ENABLE_TESTABILITY = YES;
				GCC_C_LANGUAGE_STANDARD = gnu11;
				GCC_DYNAMIC_NO_PIC = NO;
				GCC_NO_COMMON_BLOCKS = YES;
				GCC_OPTIMIZATION_LEVEL = 0;
				GCC_PREPROCESSOR_DEFINITIONS = (
					"DEBUG=1",
					"$(inherited)",
				);
				GCC_WARN_64_TO_32_BIT_CONVERSION = YES;
				GCC_WARN_ABOUT_RETURN_TYPE = YES_ERROR;
				GCC_WARN_UNDECLARED_SELECTOR = YES;
				GCC_WARN_UNINITIALIZED_AUTOS = YES_AGGRESSIVE;
				GCC_WARN_UNUSED_FUNCTION = YES;
				GCC_WARN_UNUSED_VARIABLE = YES;
				IPHONEOS_DEPLOYMENT_TARGET = 14.4;
				MTL_ENABLE_DEBUG_INFO = INCLUDE_SOURCE;
				MTL_FAST_MATH = YES;
				ONLY_ACTIVE_ARCH = YES;
				SDKROOT = iphoneos;
				SWIFT_ACTIVE_COMPILATION_CONDITIONS = DEBUG;
				SWIFT_OPTIMIZATION_LEVEL = "-Onone";
			};
			name = Debug;
		};
		6C9DBDB826935DF400B34BB2 /* Release */ = {
			isa = XCBuildConfiguration;
			buildSettings = {
				ALWAYS_SEARCH_USER_PATHS = NO;
				CLANG_ANALYZER_NONNULL = YES;
				CLANG_ANALYZER_NUMBER_OBJECT_CONVERSION = YES_AGGRESSIVE;
				CLANG_CXX_LANGUAGE_STANDARD = "gnu++14";
				CLANG_CXX_LIBRARY = "libc++";
				CLANG_ENABLE_MODULES = YES;
				CLANG_ENABLE_OBJC_ARC = YES;
				CLANG_ENABLE_OBJC_WEAK = YES;
				CLANG_WARN_BLOCK_CAPTURE_AUTORELEASING = YES;
				CLANG_WARN_BOOL_CONVERSION = YES;
				CLANG_WARN_COMMA = YES;
				CLANG_WARN_CONSTANT_CONVERSION = YES;
				CLANG_WARN_DEPRECATED_OBJC_IMPLEMENTATIONS = YES;
				CLANG_WARN_DIRECT_OBJC_ISA_USAGE = YES_ERROR;
				CLANG_WARN_DOCUMENTATION_COMMENTS = YES;
				CLANG_WARN_EMPTY_BODY = YES;
				CLANG_WARN_ENUM_CONVERSION = YES;
				CLANG_WARN_INFINITE_RECURSION = YES;
				CLANG_WARN_INT_CONVERSION = YES;
				CLANG_WARN_NON_LITERAL_NULL_CONVERSION = YES;
				CLANG_WARN_OBJC_IMPLICIT_RETAIN_SELF = YES;
				CLANG_WARN_OBJC_LITERAL_CONVERSION = YES;
				CLANG_WARN_OBJC_ROOT_CLASS = YES_ERROR;
				CLANG_WARN_QUOTED_INCLUDE_IN_FRAMEWORK_HEADER = YES;
				CLANG_WARN_RANGE_LOOP_ANALYSIS = YES;
				CLANG_WARN_STRICT_PROTOTYPES = YES;
				CLANG_WARN_SUSPICIOUS_MOVE = YES;
				CLANG_WARN_UNGUARDED_AVAILABILITY = YES_AGGRESSIVE;
				CLANG_WARN_UNREACHABLE_CODE = YES;
				CLANG_WARN__DUPLICATE_METHOD_MATCH = YES;
				COPY_PHASE_STRIP = NO;
				DEBUG_INFORMATION_FORMAT = "dwarf-with-dsym";
				ENABLE_NS_ASSERTIONS = NO;
				ENABLE_STRICT_OBJC_MSGSEND = YES;
				GCC_C_LANGUAGE_STANDARD = gnu11;
				GCC_NO_COMMON_BLOCKS = YES;
				GCC_WARN_64_TO_32_BIT_CONVERSION = YES;
				GCC_WARN_ABOUT_RETURN_TYPE = YES_ERROR;
				GCC_WARN_UNDECLARED_SELECTOR = YES;
				GCC_WARN_UNINITIALIZED_AUTOS = YES_AGGRESSIVE;
				GCC_WARN_UNUSED_FUNCTION = YES;
				GCC_WARN_UNUSED_VARIABLE = YES;
				IPHONEOS_DEPLOYMENT_TARGET = 14.4;
				MTL_ENABLE_DEBUG_INFO = NO;
				MTL_FAST_MATH = YES;
				SDKROOT = iphoneos;
				SWIFT_COMPILATION_MODE = wholemodule;
				SWIFT_OPTIMIZATION_LEVEL = "-O";
				VALIDATE_PRODUCT = YES;
			};
			name = Release;
		};
		6C9DBDBA26935DF400B34BB2 /* Debug */ = {
			isa = XCBuildConfiguration;
			buildSettings = {
				ASSETCATALOG_COMPILER_APPICON_NAME = AppIcon;
				ASSETCATALOG_COMPILER_GLOBAL_ACCENT_COLOR_NAME = AccentColor;
				CODE_SIGN_STYLE = Automatic;
				INFOPLIST_FILE = RainbowTabs/Info.plist;
				LD_RUNPATH_SEARCH_PATHS = (
					"$(inherited)",
					"@executable_path/Frameworks",
				);
				PRODUCT_BUNDLE_IDENTIFIER = wrathofangeredforce.RainbowTabs;
				PRODUCT_NAME = "$(TARGET_NAME)";
				SWIFT_VERSION = 5.0;
				TARGETED_DEVICE_FAMILY = "1,2";
			};
			name = Debug;
		};
		6C9DBDBB26935DF400B34BB2 /* Release */ = {
			isa = XCBuildConfiguration;
			buildSettings = {
				ASSETCATALOG_COMPILER_APPICON_NAME = AppIcon;
				ASSETCATALOG_COMPILER_GLOBAL_ACCENT_COLOR_NAME = AccentColor;
				CODE_SIGN_STYLE = Automatic;
				INFOPLIST_FILE = RainbowTabs/Info.plist;
				LD_RUNPATH_SEARCH_PATHS = (
					"$(inherited)",
					"@executable_path/Frameworks",
				);
				PRODUCT_BUNDLE_IDENTIFIER = wrathofangeredforce.RainbowTabs;
				PRODUCT_NAME = "$(TARGET_NAME)";
				SWIFT_VERSION = 5.0;
				TARGETED_DEVICE_FAMILY = "1,2";
			};
			name = Release;
		};
		6C9DBDBD26935DF400B34BB2 /* Debug */ = {
			isa = XCBuildConfiguration;
			buildSettings = {
				ALWAYS_EMBED_SWIFT_STANDARD_LIBRARIES = YES;
				BUNDLE_LOADER = "$(TEST_HOST)";
				CODE_SIGN_STYLE = Automatic;
				INFOPLIST_FILE = RainbowTabsTests/Info.plist;
				IPHONEOS_DEPLOYMENT_TARGET = 14.4;
				LD_RUNPATH_SEARCH_PATHS = (
					"$(inherited)",
					"@executable_path/Frameworks",
					"@loader_path/Frameworks",
				);
				PRODUCT_BUNDLE_IDENTIFIER = wrathofangeredforce.RainbowTabsTests;
				PRODUCT_NAME = "$(TARGET_NAME)";
				SWIFT_VERSION = 5.0;
				TARGETED_DEVICE_FAMILY = "1,2";
				TEST_HOST = "$(BUILT_PRODUCTS_DIR)/RainbowTabs.app/RainbowTabs";
			};
			name = Debug;
		};
		6C9DBDBE26935DF400B34BB2 /* Release */ = {
			isa = XCBuildConfiguration;
			buildSettings = {
				ALWAYS_EMBED_SWIFT_STANDARD_LIBRARIES = YES;
				BUNDLE_LOADER = "$(TEST_HOST)";
				CODE_SIGN_STYLE = Automatic;
				INFOPLIST_FILE = RainbowTabsTests/Info.plist;
				IPHONEOS_DEPLOYMENT_TARGET = 14.4;
				LD_RUNPATH_SEARCH_PATHS = (
					"$(inherited)",
					"@executable_path/Frameworks",
					"@loader_path/Frameworks",
				);
				PRODUCT_BUNDLE_IDENTIFIER = wrathofangeredforce.RainbowTabsTests;
				PRODUCT_NAME = "$(TARGET_NAME)";
				SWIFT_VERSION = 5.0;
				TARGETED_DEVICE_FAMILY = "1,2";
				TEST_HOST = "$(BUILT_PRODUCTS_DIR)/RainbowTabs.app/RainbowTabs";
			};
			name = Release;
		};
		6C9DBDC026935DF400B34BB2 /* Debug */ = {
			isa = XCBuildConfiguration;
			buildSettings = {
				ALWAYS_EMBED_SWIFT_STANDARD_LIBRARIES = YES;
				CODE_SIGN_STYLE = Automatic;
				INFOPLIST_FILE = RainbowTabsUITests/Info.plist;
				LD_RUNPATH_SEARCH_PATHS = (
					"$(inherited)",
					"@executable_path/Frameworks",
					"@loader_path/Frameworks",
				);
				PRODUCT_BUNDLE_IDENTIFIER = wrathofangeredforce.RainbowTabsUITests;
				PRODUCT_NAME = "$(TARGET_NAME)";
				SWIFT_VERSION = 5.0;
				TARGETED_DEVICE_FAMILY = "1,2";
				TEST_TARGET_NAME = RainbowTabs;
			};
			name = Debug;
		};
		6C9DBDC126935DF400B34BB2 /* Release */ = {
			isa = XCBuildConfiguration;
			buildSettings = {
				ALWAYS_EMBED_SWIFT_STANDARD_LIBRARIES = YES;
				CODE_SIGN_STYLE = Automatic;
				INFOPLIST_FILE = RainbowTabsUITests/Info.plist;
				LD_RUNPATH_SEARCH_PATHS = (
					"$(inherited)",
					"@executable_path/Frameworks",
					"@loader_path/Frameworks",
				);
				PRODUCT_BUNDLE_IDENTIFIER = wrathofangeredforce.RainbowTabsUITests;
				PRODUCT_NAME = "$(TARGET_NAME)";
				SWIFT_VERSION = 5.0;
				TARGETED_DEVICE_FAMILY = "1,2";
				TEST_TARGET_NAME = RainbowTabs;
			};
			name = Release;
		};
/* End XCBuildConfiguration section */

/* Begin XCConfigurationList section */
		6C9DBD8A26935DF300B34BB2 /* Build configuration list for PBXProject "RainbowTabs" */ = {
			isa = XCConfigurationList;
			buildConfigurations = (
				6C9DBDB726935DF400B34BB2 /* Debug */,
				6C9DBDB826935DF400B34BB2 /* Release */,
			);
			defaultConfigurationIsVisible = 0;
			defaultConfigurationName = Release;
		};
		6C9DBDB926935DF400B34BB2 /* Build configuration list for PBXNativeTarget "RainbowTabs" */ = {
			isa = XCConfigurationList;
			buildConfigurations = (
				6C9DBDBA26935DF400B34BB2 /* Debug */,
				6C9DBDBB26935DF400B34BB2 /* Release */,
			);
			defaultConfigurationIsVisible = 0;
			defaultConfigurationName = Release;
		};
		6C9DBDBC26935DF400B34BB2 /* Build configuration list for PBXNativeTarget "RainbowTabsTests" */ = {
			isa = XCConfigurationList;
			buildConfigurations = (
				6C9DBDBD26935DF400B34BB2 /* Debug */,
				6C9DBDBE26935DF400B34BB2 /* Release */,
			);
			defaultConfigurationIsVisible = 0;
			defaultConfigurationName = Release;
		};
		6C9DBDBF26935DF400B34BB2 /* Build configuration list for PBXNativeTarget "RainbowTabsUITests" */ = {
			isa = XCConfigurationList;
			buildConfigurations = (
				6C9DBDC026935DF400B34BB2 /* Debug */,
				6C9DBDC126935DF400B34BB2 /* Release */,
			);
			defaultConfigurationIsVisible = 0;
			defaultConfigurationName = Release;
		};
/* End XCConfigurationList section */
	};
	rootObject = 6C9DBD8726935DF300B34BB2 /* Project object */;
}
