// !$*UTF8*$!
{
	archiveVersion = 1;
	classes = {
	};
	objectVersion = 50;
	objects = {

/* Begin PBXBuildFile section */
		6C48B12626887DC3001EC062 /* AppDelegate.swift in Sources */ = {isa = PBXBuildFile; fileRef = 6C48B12526887DC3001EC062 /* AppDelegate.swift */; };
		6C48B12826887DC3001EC062 /* SceneDelegate.swift in Sources */ = {isa = PBXBuildFile; fileRef = 6C48B12726887DC3001EC062 /* SceneDelegate.swift */; };
		6C48B12A26887DC3001EC062 /* ViewController.swift in Sources */ = {isa = PBXBuildFile; fileRef = 6C48B12926887DC3001EC062 /* ViewController.swift */; };
		6C48B12D26887DC3001EC062 /* Main.storyboard in Resources */ = {isa = PBXBuildFile; fileRef = 6C48B12B26887DC3001EC062 /* Main.storyboard */; };
		6C48B12F26887DC4001EC062 /* Assets.xcassets in Resources */ = {isa = PBXBuildFile; fileRef = 6C48B12E26887DC4001EC062 /* Assets.xcassets */; };
		6C48B13226887DC4001EC062 /* LaunchScreen.storyboard in Resources */ = {isa = PBXBuildFile; fileRef = 6C48B13026887DC4001EC062 /* LaunchScreen.storyboard */; };
		6C48B13D26887DC4001EC062 /* memeMakerTests.swift in Sources */ = {isa = PBXBuildFile; fileRef = 6C48B13C26887DC4001EC062 /* memeMakerTests.swift */; };
		6C48B14826887DC4001EC062 /* memeMakerUITests.swift in Sources */ = {isa = PBXBuildFile; fileRef = 6C48B14726887DC4001EC062 /* memeMakerUITests.swift */; };
		6CC4F5B826888C9800642D91 /* caption.swift in Sources */ = {isa = PBXBuildFile; fileRef = 6CC4F5B726888C9800642D91 /* caption.swift */; };
		6CC4F5B926888C9800642D91 /* caption.swift in Sources */ = {isa = PBXBuildFile; fileRef = 6CC4F5B726888C9800642D91 /* caption.swift */; };
		6CC4F5BA26888C9800642D91 /* caption.swift in Sources */ = {isa = PBXBuildFile; fileRef = 6CC4F5B726888C9800642D91 /* caption.swift */; };
/* End PBXBuildFile section */

/* Begin PBXContainerItemProxy section */
		6C48B13926887DC4001EC062 /* PBXContainerItemProxy */ = {
			isa = PBXContainerItemProxy;
			containerPortal = 6C48B11A26887DC3001EC062 /* Project object */;
			proxyType = 1;
			remoteGlobalIDString = 6C48B12126887DC3001EC062;
			remoteInfo = memeMaker;
		};
		6C48B14426887DC4001EC062 /* PBXContainerItemProxy */ = {
			isa = PBXContainerItemProxy;
			containerPortal = 6C48B11A26887DC3001EC062 /* Project object */;
			proxyType = 1;
			remoteGlobalIDString = 6C48B12126887DC3001EC062;
			remoteInfo = memeMaker;
		};
/* End PBXContainerItemProxy section */

/* Begin PBXFileReference section */
		6C48B12226887DC3001EC062 /* memeMaker.app */ = {isa = PBXFileReference; explicitFileType = wrapper.application; includeInIndex = 0; path = memeMaker.app; sourceTree = BUILT_PRODUCTS_DIR; };
		6C48B12526887DC3001EC062 /* AppDelegate.swift */ = {isa = PBXFileReference; lastKnownFileType = sourcecode.swift; path = AppDelegate.swift; sourceTree = "<group>"; };
		6C48B12726887DC3001EC062 /* SceneDelegate.swift */ = {isa = PBXFileReference; lastKnownFileType = sourcecode.swift; path = SceneDelegate.swift; sourceTree = "<group>"; };
		6C48B12926887DC3001EC062 /* ViewController.swift */ = {isa = PBXFileReference; lastKnownFileType = sourcecode.swift; path = ViewController.swift; sourceTree = "<group>"; };
		6C48B12C26887DC3001EC062 /* Base */ = {isa = PBXFileReference; lastKnownFileType = file.storyboard; name = Base; path = Base.lproj/Main.storyboard; sourceTree = "<group>"; };
		6C48B12E26887DC4001EC062 /* Assets.xcassets */ = {isa = PBXFileReference; lastKnownFileType = folder.assetcatalog; path = Assets.xcassets; sourceTree = "<group>"; };
		6C48B13126887DC4001EC062 /* Base */ = {isa = PBXFileReference; lastKnownFileType = file.storyboard; name = Base; path = Base.lproj/LaunchScreen.storyboard; sourceTree = "<group>"; };
		6C48B13326887DC4001EC062 /* Info.plist */ = {isa = PBXFileReference; lastKnownFileType = text.plist.xml; path = Info.plist; sourceTree = "<group>"; };
		6C48B13826887DC4001EC062 /* memeMakerTests.xctest */ = {isa = PBXFileReference; explicitFileType = wrapper.cfbundle; includeInIndex = 0; path = memeMakerTests.xctest; sourceTree = BUILT_PRODUCTS_DIR; };
		6C48B13C26887DC4001EC062 /* memeMakerTests.swift */ = {isa = PBXFileReference; lastKnownFileType = sourcecode.swift; path = memeMakerTests.swift; sourceTree = "<group>"; };
		6C48B13E26887DC4001EC062 /* Info.plist */ = {isa = PBXFileReference; lastKnownFileType = text.plist.xml; path = Info.plist; sourceTree = "<group>"; };
		6C48B14326887DC4001EC062 /* memeMakerUITests.xctest */ = {isa = PBXFileReference; explicitFileType = wrapper.cfbundle; includeInIndex = 0; path = memeMakerUITests.xctest; sourceTree = BUILT_PRODUCTS_DIR; };
		6C48B14726887DC4001EC062 /* memeMakerUITests.swift */ = {isa = PBXFileReference; lastKnownFileType = sourcecode.swift; path = memeMakerUITests.swift; sourceTree = "<group>"; };
		6C48B14926887DC4001EC062 /* Info.plist */ = {isa = PBXFileReference; lastKnownFileType = text.plist.xml; path = Info.plist; sourceTree = "<group>"; };
		6CC4F5B726888C9800642D91 /* caption.swift */ = {isa = PBXFileReference; lastKnownFileType = sourcecode.swift; path = caption.swift; sourceTree = "<group>"; };
/* End PBXFileReference section */

/* Begin PBXFrameworksBuildPhase section */
		6C48B11F26887DC3001EC062 /* Frameworks */ = {
			isa = PBXFrameworksBuildPhase;
			buildActionMask = 2147483647;
			files = (
			);
			runOnlyForDeploymentPostprocessing = 0;
		};
		6C48B13526887DC4001EC062 /* Frameworks */ = {
			isa = PBXFrameworksBuildPhase;
			buildActionMask = 2147483647;
			files = (
			);
			runOnlyForDeploymentPostprocessing = 0;
		};
		6C48B14026887DC4001EC062 /* Frameworks */ = {
			isa = PBXFrameworksBuildPhase;
			buildActionMask = 2147483647;
			files = (
			);
			runOnlyForDeploymentPostprocessing = 0;
		};
/* End PBXFrameworksBuildPhase section */

/* Begin PBXGroup section */
		6C48B11926887DC3001EC062 = {
			isa = PBXGroup;
			children = (
				6C48B12426887DC3001EC062 /* memeMaker */,
				6C48B13B26887DC4001EC062 /* memeMakerTests */,
				6C48B14626887DC4001EC062 /* memeMakerUITests */,
				6C48B12326887DC3001EC062 /* Products */,
			);
			sourceTree = "<group>";
		};
		6C48B12326887DC3001EC062 /* Products */ = {
			isa = PBXGroup;
			children = (
				6C48B12226887DC3001EC062 /* memeMaker.app */,
				6C48B13826887DC4001EC062 /* memeMakerTests.xctest */,
				6C48B14326887DC4001EC062 /* memeMakerUITests.xctest */,
			);
			name = Products;
			sourceTree = "<group>";
		};
		6C48B12426887DC3001EC062 /* memeMaker */ = {
			isa = PBXGroup;
			children = (
				6C48B12526887DC3001EC062 /* AppDelegate.swift */,
				6C48B12726887DC3001EC062 /* SceneDelegate.swift */,
				6C48B12926887DC3001EC062 /* ViewController.swift */,
				6C48B12B26887DC3001EC062 /* Main.storyboard */,
				6C48B12E26887DC4001EC062 /* Assets.xcassets */,
				6C48B13026887DC4001EC062 /* LaunchScreen.storyboard */,
				6C48B13326887DC4001EC062 /* Info.plist */,
				6CC4F5B726888C9800642D91 /* caption.swift */,
			);
			path = memeMaker;
			sourceTree = "<group>";
		};
		6C48B13B26887DC4001EC062 /* memeMakerTests */ = {
			isa = PBXGroup;
			children = (
				6C48B13C26887DC4001EC062 /* memeMakerTests.swift */,
				6C48B13E26887DC4001EC062 /* Info.plist */,
			);
			path = memeMakerTests;
			sourceTree = "<group>";
		};
		6C48B14626887DC4001EC062 /* memeMakerUITests */ = {
			isa = PBXGroup;
			children = (
				6C48B14726887DC4001EC062 /* memeMakerUITests.swift */,
				6C48B14926887DC4001EC062 /* Info.plist */,
			);
			path = memeMakerUITests;
			sourceTree = "<group>";
		};
/* End PBXGroup section */

/* Begin PBXNativeTarget section */
		6C48B12126887DC3001EC062 /* memeMaker */ = {
			isa = PBXNativeTarget;
			buildConfigurationList = 6C48B14C26887DC4001EC062 /* Build configuration list for PBXNativeTarget "memeMaker" */;
			buildPhases = (
				6C48B11E26887DC3001EC062 /* Sources */,
				6C48B11F26887DC3001EC062 /* Frameworks */,
				6C48B12026887DC3001EC062 /* Resources */,
			);
			buildRules = (
			);
			dependencies = (
			);
			name = memeMaker;
			productName = memeMaker;
			productReference = 6C48B12226887DC3001EC062 /* memeMaker.app */;
			productType = "com.apple.product-type.application";
		};
		6C48B13726887DC4001EC062 /* memeMakerTests */ = {
			isa = PBXNativeTarget;
			buildConfigurationList = 6C48B14F26887DC4001EC062 /* Build configuration list for PBXNativeTarget "memeMakerTests" */;
			buildPhases = (
				6C48B13426887DC4001EC062 /* Sources */,
				6C48B13526887DC4001EC062 /* Frameworks */,
				6C48B13626887DC4001EC062 /* Resources */,
			);
			buildRules = (
			);
			dependencies = (
				6C48B13A26887DC4001EC062 /* PBXTargetDependency */,
			);
			name = memeMakerTests;
			productName = memeMakerTests;
			productReference = 6C48B13826887DC4001EC062 /* memeMakerTests.xctest */;
			productType = "com.apple.product-type.bundle.unit-test";
		};
		6C48B14226887DC4001EC062 /* memeMakerUITests */ = {
			isa = PBXNativeTarget;
			buildConfigurationList = 6C48B15226887DC4001EC062 /* Build configuration list for PBXNativeTarget "memeMakerUITests" */;
			buildPhases = (
				6C48B13F26887DC4001EC062 /* Sources */,
				6C48B14026887DC4001EC062 /* Frameworks */,
				6C48B14126887DC4001EC062 /* Resources */,
			);
			buildRules = (
			);
			dependencies = (
				6C48B14526887DC4001EC062 /* PBXTargetDependency */,
			);
			name = memeMakerUITests;
			productName = memeMakerUITests;
			productReference = 6C48B14326887DC4001EC062 /* memeMakerUITests.xctest */;
			productType = "com.apple.product-type.bundle.ui-testing";
		};
/* End PBXNativeTarget section */

/* Begin PBXProject section */
		6C48B11A26887DC3001EC062 /* Project object */ = {
			isa = PBXProject;
			attributes = {
				LastSwiftUpdateCheck = 1240;
				LastUpgradeCheck = 1240;
				TargetAttributes = {
					6C48B12126887DC3001EC062 = {
						CreatedOnToolsVersion = 12.4;
					};
					6C48B13726887DC4001EC062 = {
						CreatedOnToolsVersion = 12.4;
						TestTargetID = 6C48B12126887DC3001EC062;
					};
					6C48B14226887DC4001EC062 = {
						CreatedOnToolsVersion = 12.4;
						TestTargetID = 6C48B12126887DC3001EC062;
					};
				};
			};
			buildConfigurationList = 6C48B11D26887DC3001EC062 /* Build configuration list for PBXProject "memeMaker" */;
			compatibilityVersion = "Xcode 9.3";
			developmentRegion = en;
			hasScannedForEncodings = 0;
			knownRegions = (
				en,
				Base,
			);
			mainGroup = 6C48B11926887DC3001EC062;
			productRefGroup = 6C48B12326887DC3001EC062 /* Products */;
			projectDirPath = "";
			projectRoot = "";
			targets = (
				6C48B12126887DC3001EC062 /* memeMaker */,
				6C48B13726887DC4001EC062 /* memeMakerTests */,
				6C48B14226887DC4001EC062 /* memeMakerUITests */,
			);
		};
/* End PBXProject section */

/* Begin PBXResourcesBuildPhase section */
		6C48B12026887DC3001EC062 /* Resources */ = {
			isa = PBXResourcesBuildPhase;
			buildActionMask = 2147483647;
			files = (
				6C48B13226887DC4001EC062 /* LaunchScreen.storyboard in Resources */,
				6C48B12F26887DC4001EC062 /* Assets.xcassets in Resources */,
				6C48B12D26887DC3001EC062 /* Main.storyboard in Resources */,
			);
			runOnlyForDeploymentPostprocessing = 0;
		};
		6C48B13626887DC4001EC062 /* Resources */ = {
			isa = PBXResourcesBuildPhase;
			buildActionMask = 2147483647;
			files = (
			);
			runOnlyForDeploymentPostprocessing = 0;
		};
		6C48B14126887DC4001EC062 /* Resources */ = {
			isa = PBXResourcesBuildPhase;
			buildActionMask = 2147483647;
			files = (
			);
			runOnlyForDeploymentPostprocessing = 0;
		};
/* End PBXResourcesBuildPhase section */

/* Begin PBXSourcesBuildPhase section */
		6C48B11E26887DC3001EC062 /* Sources */ = {
			isa = PBXSourcesBuildPhase;
			buildActionMask = 2147483647;
			files = (
				6C48B12A26887DC3001EC062 /* ViewController.swift in Sources */,
				6CC4F5B826888C9800642D91 /* caption.swift in Sources */,
				6C48B12626887DC3001EC062 /* AppDelegate.swift in Sources */,
				6C48B12826887DC3001EC062 /* SceneDelegate.swift in Sources */,
			);
			runOnlyForDeploymentPostprocessing = 0;
		};
		6C48B13426887DC4001EC062 /* Sources */ = {
			isa = PBXSourcesBuildPhase;
			buildActionMask = 2147483647;
			files = (
				6C48B13D26887DC4001EC062 /* memeMakerTests.swift in Sources */,
				6CC4F5B926888C9800642D91 /* caption.swift in Sources */,
			);
			runOnlyForDeploymentPostprocessing = 0;
		};
		6C48B13F26887DC4001EC062 /* Sources */ = {
			isa = PBXSourcesBuildPhase;
			buildActionMask = 2147483647;
			files = (
				6C48B14826887DC4001EC062 /* memeMakerUITests.swift in Sources */,
				6CC4F5BA26888C9800642D91 /* caption.swift in Sources */,
			);
			runOnlyForDeploymentPostprocessing = 0;
		};
/* End PBXSourcesBuildPhase section */

/* Begin PBXTargetDependency section */
		6C48B13A26887DC4001EC062 /* PBXTargetDependency */ = {
			isa = PBXTargetDependency;
			target = 6C48B12126887DC3001EC062 /* memeMaker */;
			targetProxy = 6C48B13926887DC4001EC062 /* PBXContainerItemProxy */;
		};
		6C48B14526887DC4001EC062 /* PBXTargetDependency */ = {
			isa = PBXTargetDependency;
			target = 6C48B12126887DC3001EC062 /* memeMaker */;
			targetProxy = 6C48B14426887DC4001EC062 /* PBXContainerItemProxy */;
		};
/* End PBXTargetDependency section */

/* Begin PBXVariantGroup section */
		6C48B12B26887DC3001EC062 /* Main.storyboard */ = {
			isa = PBXVariantGroup;
			children = (
				6C48B12C26887DC3001EC062 /* Base */,
			);
			name = Main.storyboard;
			sourceTree = "<group>";
		};
		6C48B13026887DC4001EC062 /* LaunchScreen.storyboard */ = {
			isa = PBXVariantGroup;
			children = (
				6C48B13126887DC4001EC062 /* Base */,
			);
			name = LaunchScreen.storyboard;
			sourceTree = "<group>";
		};
/* End PBXVariantGroup section */

/* Begin XCBuildConfiguration section */
		6C48B14A26887DC4001EC062 /* Debug */ = {
			isa = XCBuildConfiguration;
			buildSettings = {
				ALWAYS_SEARCH_USER_PATHS = NO;
				CLANG_ANALYZER_NONNULL = YES;
				CLANG_ANALYZER_NUMBER_OBJECT_CONVERSION = YES_AGGRESSIVE;
				CLANG_CXX_LANGUAGE_STANDARD = "gnu++14";
				CLANG_CXX_LIBRARY = "libc++";
				CLANG_ENABLE_MODULES = YES;
				CLANG_ENABLE_OBJC_ARC = YES;
				CLANG_ENABLE_OBJC_WEAK = YES;
				CLANG_WARN_BLOCK_CAPTURE_AUTORELEASING = YES;
				CLANG_WARN_BOOL_CONVERSION = YES;
				CLANG_WARN_COMMA = YES;
				CLANG_WARN_CONSTANT_CONVERSION = YES;
				CLANG_WARN_DEPRECATED_OBJC_IMPLEMENTATIONS = YES;
				CLANG_WARN_DIRECT_OBJC_ISA_USAGE = YES_ERROR;
				CLANG_WARN_DOCUMENTATION_COMMENTS = YES;
				CLANG_WARN_EMPTY_BODY = YES;
				CLANG_WARN_ENUM_CONVERSION = YES;
				CLANG_WARN_INFINITE_RECURSION = YES;
				CLANG_WARN_INT_CONVERSION = YES;
				CLANG_WARN_NON_LITERAL_NULL_CONVERSION = YES;
				CLANG_WARN_OBJC_IMPLICIT_RETAIN_SELF = YES;
				CLANG_WARN_OBJC_LITERAL_CONVERSION = YES;
				CLANG_WARN_OBJC_ROOT_CLASS = YES_ERROR;
				CLANG_WARN_QUOTED_INCLUDE_IN_FRAMEWORK_HEADER = YES;
				CLANG_WARN_RANGE_LOOP_ANALYSIS = YES;
				CLANG_WARN_STRICT_PROTOTYPES = YES;
				CLANG_WARN_SUSPICIOUS_MOVE = YES;
				CLANG_WARN_UNGUARDED_AVAILABILITY = YES_AGGRESSIVE;
				CLANG_WARN_UNREACHABLE_CODE = YES;
				CLANG_WARN__DUPLICATE_METHOD_MATCH = YES;
				COPY_PHASE_STRIP = NO;
				DEBUG_INFORMATION_FORMAT = dwarf;
				ENABLE_STRICT_OBJC_MSGSEND = YES;
				ENABLE_TESTABILITY = YES;
				GCC_C_LANGUAGE_STANDARD = gnu11;
				GCC_DYNAMIC_NO_PIC = NO;
				GCC_NO_COMMON_BLOCKS = YES;
				GCC_OPTIMIZATION_LEVEL = 0;
				GCC_PREPROCESSOR_DEFINITIONS = (
					"DEBUG=1",
					"$(inherited)",
				);
				GCC_WARN_64_TO_32_BIT_CONVERSION = YES;
				GCC_WARN_ABOUT_RETURN_TYPE = YES_ERROR;
				GCC_WARN_UNDECLARED_SELECTOR = YES;
				GCC_WARN_UNINITIALIZED_AUTOS = YES_AGGRESSIVE;
				GCC_WARN_UNUSED_FUNCTION = YES;
				GCC_WARN_UNUSED_VARIABLE = YES;
				IPHONEOS_DEPLOYMENT_TARGET = 14.4;
				MTL_ENABLE_DEBUG_INFO = INCLUDE_SOURCE;
				MTL_FAST_MATH = YES;
				ONLY_ACTIVE_ARCH = YES;
				SDKROOT = iphoneos;
				SWIFT_ACTIVE_COMPILATION_CONDITIONS = DEBUG;
				SWIFT_OPTIMIZATION_LEVEL = "-Onone";
			};
			name = Debug;
		};
		6C48B14B26887DC4001EC062 /* Release */ = {
			isa = XCBuildConfiguration;
			buildSettings = {
				ALWAYS_SEARCH_USER_PATHS = NO;
				CLANG_ANALYZER_NONNULL = YES;
				CLANG_ANALYZER_NUMBER_OBJECT_CONVERSION = YES_AGGRESSIVE;
				CLANG_CXX_LANGUAGE_STANDARD = "gnu++14";
				CLANG_CXX_LIBRARY = "libc++";
				CLANG_ENABLE_MODULES = YES;
				CLANG_ENABLE_OBJC_ARC = YES;
				CLANG_ENABLE_OBJC_WEAK = YES;
				CLANG_WARN_BLOCK_CAPTURE_AUTORELEASING = YES;
				CLANG_WARN_BOOL_CONVERSION = YES;
				CLANG_WARN_COMMA = YES;
				CLANG_WARN_CONSTANT_CONVERSION = YES;
				CLANG_WARN_DEPRECATED_OBJC_IMPLEMENTATIONS = YES;
				CLANG_WARN_DIRECT_OBJC_ISA_USAGE = YES_ERROR;
				CLANG_WARN_DOCUMENTATION_COMMENTS = YES;
				CLANG_WARN_EMPTY_BODY = YES;
				CLANG_WARN_ENUM_CONVERSION = YES;
				CLANG_WARN_INFINITE_RECURSION = YES;
				CLANG_WARN_INT_CONVERSION = YES;
				CLANG_WARN_NON_LITERAL_NULL_CONVERSION = YES;
				CLANG_WARN_OBJC_IMPLICIT_RETAIN_SELF = YES;
				CLANG_WARN_OBJC_LITERAL_CONVERSION = YES;
				CLANG_WARN_OBJC_ROOT_CLASS = YES_ERROR;
				CLANG_WARN_QUOTED_INCLUDE_IN_FRAMEWORK_HEADER = YES;
				CLANG_WARN_RANGE_LOOP_ANALYSIS = YES;
				CLANG_WARN_STRICT_PROTOTYPES = YES;
				CLANG_WARN_SUSPICIOUS_MOVE = YES;
				CLANG_WARN_UNGUARDED_AVAILABILITY = YES_AGGRESSIVE;
				CLANG_WARN_UNREACHABLE_CODE = YES;
				CLANG_WARN__DUPLICATE_METHOD_MATCH = YES;
				COPY_PHASE_STRIP = NO;
				DEBUG_INFORMATION_FORMAT = "dwarf-with-dsym";
				ENABLE_NS_ASSERTIONS = NO;
				ENABLE_STRICT_OBJC_MSGSEND = YES;
				GCC_C_LANGUAGE_STANDARD = gnu11;
				GCC_NO_COMMON_BLOCKS = YES;
				GCC_WARN_64_TO_32_BIT_CONVERSION = YES;
				GCC_WARN_ABOUT_RETURN_TYPE = YES_ERROR;
				GCC_WARN_UNDECLARED_SELECTOR = YES;
				GCC_WARN_UNINITIALIZED_AUTOS = YES_AGGRESSIVE;
				GCC_WARN_UNUSED_FUNCTION = YES;
				GCC_WARN_UNUSED_VARIABLE = YES;
				IPHONEOS_DEPLOYMENT_TARGET = 14.4;
				MTL_ENABLE_DEBUG_INFO = NO;
				MTL_FAST_MATH = YES;
				SDKROOT = iphoneos;
				SWIFT_COMPILATION_MODE = wholemodule;
				SWIFT_OPTIMIZATION_LEVEL = "-O";
				VALIDATE_PRODUCT = YES;
			};
			name = Release;
		};
		6C48B14D26887DC4001EC062 /* Debug */ = {
			isa = XCBuildConfiguration;
			buildSettings = {
				ASSETCATALOG_COMPILER_APPICON_NAME = AppIcon;
				ASSETCATALOG_COMPILER_GLOBAL_ACCENT_COLOR_NAME = AccentColor;
				CODE_SIGN_STYLE = Automatic;
				INFOPLIST_FILE = memeMaker/Info.plist;
				LD_RUNPATH_SEARCH_PATHS = (
					"$(inherited)",
					"@executable_path/Frameworks",
				);
				PRODUCT_BUNDLE_IDENTIFIER = wrathofangeredforce.memeMaker;
				PRODUCT_NAME = "$(TARGET_NAME)";
				SWIFT_VERSION = 5.0;
				TARGETED_DEVICE_FAMILY = "1,2";
			};
			name = Debug;
		};
		6C48B14E26887DC4001EC062 /* Release */ = {
			isa = XCBuildConfiguration;
			buildSettings = {
				ASSETCATALOG_COMPILER_APPICON_NAME = AppIcon;
				ASSETCATALOG_COMPILER_GLOBAL_ACCENT_COLOR_NAME = AccentColor;
				CODE_SIGN_STYLE = Automatic;
				INFOPLIST_FILE = memeMaker/Info.plist;
				LD_RUNPATH_SEARCH_PATHS = (
					"$(inherited)",
					"@executable_path/Frameworks",
				);
				PRODUCT_BUNDLE_IDENTIFIER = wrathofangeredforce.memeMaker;
				PRODUCT_NAME = "$(TARGET_NAME)";
				SWIFT_VERSION = 5.0;
				TARGETED_DEVICE_FAMILY = "1,2";
			};
			name = Release;
		};
		6C48B15026887DC4001EC062 /* Debug */ = {
			isa = XCBuildConfiguration;
			buildSettings = {
				ALWAYS_EMBED_SWIFT_STANDARD_LIBRARIES = YES;
				BUNDLE_LOADER = "$(TEST_HOST)";
				CODE_SIGN_STYLE = Automatic;
				INFOPLIST_FILE = memeMakerTests/Info.plist;
				IPHONEOS_DEPLOYMENT_TARGET = 14.4;
				LD_RUNPATH_SEARCH_PATHS = (
					"$(inherited)",
					"@executable_path/Frameworks",
					"@loader_path/Frameworks",
				);
				PRODUCT_BUNDLE_IDENTIFIER = wrathofangeredforce.memeMakerTests;
				PRODUCT_NAME = "$(TARGET_NAME)";
				SWIFT_VERSION = 5.0;
				TARGETED_DEVICE_FAMILY = "1,2";
				TEST_HOST = "$(BUILT_PRODUCTS_DIR)/memeMaker.app/memeMaker";
			};
			name = Debug;
		};
		6C48B15126887DC4001EC062 /* Release */ = {
			isa = XCBuildConfiguration;
			buildSettings = {
				ALWAYS_EMBED_SWIFT_STANDARD_LIBRARIES = YES;
				BUNDLE_LOADER = "$(TEST_HOST)";
				CODE_SIGN_STYLE = Automatic;
				INFOPLIST_FILE = memeMakerTests/Info.plist;
				IPHONEOS_DEPLOYMENT_TARGET = 14.4;
				LD_RUNPATH_SEARCH_PATHS = (
					"$(inherited)",
					"@executable_path/Frameworks",
					"@loader_path/Frameworks",
				);
				PRODUCT_BUNDLE_IDENTIFIER = wrathofangeredforce.memeMakerTests;
				PRODUCT_NAME = "$(TARGET_NAME)";
				SWIFT_VERSION = 5.0;
				TARGETED_DEVICE_FAMILY = "1,2";
				TEST_HOST = "$(BUILT_PRODUCTS_DIR)/memeMaker.app/memeMaker";
			};
			name = Release;
		};
		6C48B15326887DC4001EC062 /* Debug */ = {
			isa = XCBuildConfiguration;
			buildSettings = {
				ALWAYS_EMBED_SWIFT_STANDARD_LIBRARIES = YES;
				CODE_SIGN_STYLE = Automatic;
				INFOPLIST_FILE = memeMakerUITests/Info.plist;
				LD_RUNPATH_SEARCH_PATHS = (
					"$(inherited)",
					"@executable_path/Frameworks",
					"@loader_path/Frameworks",
				);
				PRODUCT_BUNDLE_IDENTIFIER = wrathofangeredforce.memeMakerUITests;
				PRODUCT_NAME = "$(TARGET_NAME)";
				SWIFT_VERSION = 5.0;
				TARGETED_DEVICE_FAMILY = "1,2";
				TEST_TARGET_NAME = memeMaker;
			};
			name = Debug;
		};
		6C48B15426887DC4001EC062 /* Release */ = {
			isa = XCBuildConfiguration;
			buildSettings = {
				ALWAYS_EMBED_SWIFT_STANDARD_LIBRARIES = YES;
				CODE_SIGN_STYLE = Automatic;
				INFOPLIST_FILE = memeMakerUITests/Info.plist;
				LD_RUNPATH_SEARCH_PATHS = (
					"$(inherited)",
					"@executable_path/Frameworks",
					"@loader_path/Frameworks",
				);
				PRODUCT_BUNDLE_IDENTIFIER = wrathofangeredforce.memeMakerUITests;
				PRODUCT_NAME = "$(TARGET_NAME)";
				SWIFT_VERSION = 5.0;
				TARGETED_DEVICE_FAMILY = "1,2";
				TEST_TARGET_NAME = memeMaker;
			};
			name = Release;
		};
/* End XCBuildConfiguration section */

/* Begin XCConfigurationList section */
		6C48B11D26887DC3001EC062 /* Build configuration list for PBXProject "memeMaker" */ = {
			isa = XCConfigurationList;
			buildConfigurations = (
				6C48B14A26887DC4001EC062 /* Debug */,
				6C48B14B26887DC4001EC062 /* Release */,
			);
			defaultConfigurationIsVisible = 0;
			defaultConfigurationName = Release;
		};
		6C48B14C26887DC4001EC062 /* Build configuration list for PBXNativeTarget "memeMaker" */ = {
			isa = XCConfigurationList;
			buildConfigurations = (
				6C48B14D26887DC4001EC062 /* Debug */,
				6C48B14E26887DC4001EC062 /* Release */,
			);
			defaultConfigurationIsVisible = 0;
			defaultConfigurationName = Release;
		};
		6C48B14F26887DC4001EC062 /* Build configuration list for PBXNativeTarget "memeMakerTests" */ = {
			isa = XCConfigurationList;
			buildConfigurations = (
				6C48B15026887DC4001EC062 /* Debug */,
				6C48B15126887DC4001EC062 /* Release */,
			);
			defaultConfigurationIsVisible = 0;
			defaultConfigurationName = Release;
		};
		6C48B15226887DC4001EC062 /* Build configuration list for PBXNativeTarget "memeMakerUITests" */ = {
			isa = XCConfigurationList;
			buildConfigurations = (
				6C48B15326887DC4001EC062 /* Debug */,
				6C48B15426887DC4001EC062 /* Release */,
			);
			defaultConfigurationIsVisible = 0;
			defaultConfigurationName = Release;
		};
/* End XCConfigurationList section */
	};
	rootObject = 6C48B11A26887DC3001EC062 /* Project object */;
}
