// !$*UTF8*$!
{
	archiveVersion = 1;
	classes = {
	};
	objectVersion = 50;
	objects = {

/* Begin PBXBuildFile section */
		6C91A9F5269DE392009ED779 /* SecondViewController.swift in Sources */ = {isa = PBXBuildFile; fileRef = 6C91A9F4269DE392009ED779 /* SecondViewController.swift */; };
		6C91A9FA269DE39C009ED779 /* LastViewController.swift in Sources */ = {isa = PBXBuildFile; fileRef = 6C91A9F9269DE39C009ED779 /* LastViewController.swift */; };
		6CCE70DD2693998900D2CA67 /* AppDelegate.swift in Sources */ = {isa = PBXBuildFile; fileRef = 6CCE70DC2693998900D2CA67 /* AppDelegate.swift */; };
		6CCE70DF2693998900D2CA67 /* SceneDelegate.swift in Sources */ = {isa = PBXBuildFile; fileRef = 6CCE70DE2693998900D2CA67 /* SceneDelegate.swift */; };
		6CCE70E12693998900D2CA67 /* ViewController.swift in Sources */ = {isa = PBXBuildFile; fileRef = 6CCE70E02693998900D2CA67 /* ViewController.swift */; };
		6CCE70E42693998900D2CA67 /* Main.storyboard in Resources */ = {isa = PBXBuildFile; fileRef = 6CCE70E22693998900D2CA67 /* Main.storyboard */; };
		6CCE70E62693998A00D2CA67 /* Assets.xcassets in Resources */ = {isa = PBXBuildFile; fileRef = 6CCE70E52693998A00D2CA67 /* Assets.xcassets */; };
		6CCE70E92693998A00D2CA67 /* LaunchScreen.storyboard in Resources */ = {isa = PBXBuildFile; fileRef = 6CCE70E72693998A00D2CA67 /* LaunchScreen.storyboard */; };
		6CCE70F42693998A00D2CA67 /* LifeCycleTests.swift in Sources */ = {isa = PBXBuildFile; fileRef = 6CCE70F32693998A00D2CA67 /* LifeCycleTests.swift */; };
		6CCE70FF2693998A00D2CA67 /* LifeCycleUITests.swift in Sources */ = {isa = PBXBuildFile; fileRef = 6CCE70FE2693998A00D2CA67 /* LifeCycleUITests.swift */; };
/* End PBXBuildFile section */

/* Begin PBXContainerItemProxy section */
		6CCE70F02693998A00D2CA67 /* PBXContainerItemProxy */ = {
			isa = PBXContainerItemProxy;
			containerPortal = 6CCE70D12693998900D2CA67 /* Project object */;
			proxyType = 1;
			remoteGlobalIDString = 6CCE70D82693998900D2CA67;
			remoteInfo = LifeCycle;
		};
		6CCE70FB2693998A00D2CA67 /* PBXContainerItemProxy */ = {
			isa = PBXContainerItemProxy;
			containerPortal = 6CCE70D12693998900D2CA67 /* Project object */;
			proxyType = 1;
			remoteGlobalIDString = 6CCE70D82693998900D2CA67;
			remoteInfo = LifeCycle;
		};
/* End PBXContainerItemProxy section */

/* Begin PBXFileReference section */
		6C91A9F4269DE392009ED779 /* SecondViewController.swift */ = {isa = PBXFileReference; lastKnownFileType = sourcecode.swift; path = SecondViewController.swift; sourceTree = "<group>"; };
		6C91A9F9269DE39C009ED779 /* LastViewController.swift */ = {isa = PBXFileReference; lastKnownFileType = sourcecode.swift; path = LastViewController.swift; sourceTree = "<group>"; };
		6CCE70D92693998900D2CA67 /* LifeCycle.app */ = {isa = PBXFileReference; explicitFileType = wrapper.application; includeInIndex = 0; path = LifeCycle.app; sourceTree = BUILT_PRODUCTS_DIR; };
		6CCE70DC2693998900D2CA67 /* AppDelegate.swift */ = {isa = PBXFileReference; lastKnownFileType = sourcecode.swift; path = AppDelegate.swift; sourceTree = "<group>"; };
		6CCE70DE2693998900D2CA67 /* SceneDelegate.swift */ = {isa = PBXFileReference; lastKnownFileType = sourcecode.swift; path = SceneDelegate.swift; sourceTree = "<group>"; };
		6CCE70E02693998900D2CA67 /* ViewController.swift */ = {isa = PBXFileReference; lastKnownFileType = sourcecode.swift; path = ViewController.swift; sourceTree = "<group>"; };
		6CCE70E32693998900D2CA67 /* Base */ = {isa = PBXFileReference; lastKnownFileType = file.storyboard; name = Base; path = Base.lproj/Main.storyboard; sourceTree = "<group>"; };
		6CCE70E52693998A00D2CA67 /* Assets.xcassets */ = {isa = PBXFileReference; lastKnownFileType = folder.assetcatalog; path = Assets.xcassets; sourceTree = "<group>"; };
		6CCE70E82693998A00D2CA67 /* Base */ = {isa = PBXFileReference; lastKnownFileType = file.storyboard; name = Base; path = Base.lproj/LaunchScreen.storyboard; sourceTree = "<group>"; };
		6CCE70EA2693998A00D2CA67 /* Info.plist */ = {isa = PBXFileReference; lastKnownFileType = text.plist.xml; path = Info.plist; sourceTree = "<group>"; };
		6CCE70EF2693998A00D2CA67 /* LifeCycleTests.xctest */ = {isa = PBXFileReference; explicitFileType = wrapper.cfbundle; includeInIndex = 0; path = LifeCycleTests.xctest; sourceTree = BUILT_PRODUCTS_DIR; };
		6CCE70F32693998A00D2CA67 /* LifeCycleTests.swift */ = {isa = PBXFileReference; lastKnownFileType = sourcecode.swift; path = LifeCycleTests.swift; sourceTree = "<group>"; };
		6CCE70F52693998A00D2CA67 /* Info.plist */ = {isa = PBXFileReference; lastKnownFileType = text.plist.xml; path = Info.plist; sourceTree = "<group>"; };
		6CCE70FA2693998A00D2CA67 /* LifeCycleUITests.xctest */ = {isa = PBXFileReference; explicitFileType = wrapper.cfbundle; includeInIndex = 0; path = LifeCycleUITests.xctest; sourceTree = BUILT_PRODUCTS_DIR; };
		6CCE70FE2693998A00D2CA67 /* LifeCycleUITests.swift */ = {isa = PBXFileReference; lastKnownFileType = sourcecode.swift; path = LifeCycleUITests.swift; sourceTree = "<group>"; };
		6CCE71002693998A00D2CA67 /* Info.plist */ = {isa = PBXFileReference; lastKnownFileType = text.plist.xml; path = Info.plist; sourceTree = "<group>"; };
/* End PBXFileReference section */

/* Begin PBXFrameworksBuildPhase section */
		6CCE70D62693998900D2CA67 /* Frameworks */ = {
			isa = PBXFrameworksBuildPhase;
			buildActionMask = 2147483647;
			files = (
			);
			runOnlyForDeploymentPostprocessing = 0;
		};
		6CCE70EC2693998A00D2CA67 /* Frameworks */ = {
			isa = PBXFrameworksBuildPhase;
			buildActionMask = 2147483647;
			files = (
			);
			runOnlyForDeploymentPostprocessing = 0;
		};
		6CCE70F72693998A00D2CA67 /* Frameworks */ = {
			isa = PBXFrameworksBuildPhase;
			buildActionMask = 2147483647;
			files = (
			);
			runOnlyForDeploymentPostprocessing = 0;
		};
/* End PBXFrameworksBuildPhase section */

/* Begin PBXGroup section */
		6CCE70D02693998900D2CA67 = {
			isa = PBXGroup;
			children = (
				6CCE70DB2693998900D2CA67 /* LifeCycle */,
				6CCE70F22693998A00D2CA67 /* LifeCycleTests */,
				6CCE70FD2693998A00D2CA67 /* LifeCycleUITests */,
				6CCE70DA2693998900D2CA67 /* Products */,
			);
			sourceTree = "<group>";
		};
		6CCE70DA2693998900D2CA67 /* Products */ = {
			isa = PBXGroup;
			children = (
				6CCE70D92693998900D2CA67 /* LifeCycle.app */,
				6CCE70EF2693998A00D2CA67 /* LifeCycleTests.xctest */,
				6CCE70FA2693998A00D2CA67 /* LifeCycleUITests.xctest */,
			);
			name = Products;
			sourceTree = "<group>";
		};
		6CCE70DB2693998900D2CA67 /* LifeCycle */ = {
			isa = PBXGroup;
			children = (
				6CCE70DC2693998900D2CA67 /* AppDelegate.swift */,
				6CCE70DE2693998900D2CA67 /* SceneDelegate.swift */,
				6CCE70E02693998900D2CA67 /* ViewController.swift */,
				6C91A9F4269DE392009ED779 /* SecondViewController.swift */,
				6C91A9F9269DE39C009ED779 /* LastViewController.swift */,
				6CCE70E22693998900D2CA67 /* Main.storyboard */,
				6CCE70E52693998A00D2CA67 /* Assets.xcassets */,
				6CCE70E72693998A00D2CA67 /* LaunchScreen.storyboard */,
				6CCE70EA2693998A00D2CA67 /* Info.plist */,
			);
			path = LifeCycle;
			sourceTree = "<group>";
		};
		6CCE70F22693998A00D2CA67 /* LifeCycleTests */ = {
			isa = PBXGroup;
			children = (
				6CCE70F32693998A00D2CA67 /* LifeCycleTests.swift */,
				6CCE70F52693998A00D2CA67 /* Info.plist */,
			);
			path = LifeCycleTests;
			sourceTree = "<group>";
		};
		6CCE70FD2693998A00D2CA67 /* LifeCycleUITests */ = {
			isa = PBXGroup;
			children = (
				6CCE70FE2693998A00D2CA67 /* LifeCycleUITests.swift */,
				6CCE71002693998A00D2CA67 /* Info.plist */,
			);
			path = LifeCycleUITests;
			sourceTree = "<group>";
		};
/* End PBXGroup section */

/* Begin PBXNativeTarget section */
		6CCE70D82693998900D2CA67 /* LifeCycle */ = {
			isa = PBXNativeTarget;
			buildConfigurationList = 6CCE71032693998A00D2CA67 /* Build configuration list for PBXNativeTarget "LifeCycle" */;
			buildPhases = (
				6CCE70D52693998900D2CA67 /* Sources */,
				6CCE70D62693998900D2CA67 /* Frameworks */,
				6CCE70D72693998900D2CA67 /* Resources */,
			);
			buildRules = (
			);
			dependencies = (
			);
			name = LifeCycle;
			productName = LifeCycle;
			productReference = 6CCE70D92693998900D2CA67 /* LifeCycle.app */;
			productType = "com.apple.product-type.application";
		};
		6CCE70EE2693998A00D2CA67 /* LifeCycleTests */ = {
			isa = PBXNativeTarget;
			buildConfigurationList = 6CCE71062693998A00D2CA67 /* Build configuration list for PBXNativeTarget "LifeCycleTests" */;
			buildPhases = (
				6CCE70EB2693998A00D2CA67 /* Sources */,
				6CCE70EC2693998A00D2CA67 /* Frameworks */,
				6CCE70ED2693998A00D2CA67 /* Resources */,
			);
			buildRules = (
			);
			dependencies = (
				6CCE70F12693998A00D2CA67 /* PBXTargetDependency */,
			);
			name = LifeCycleTests;
			productName = LifeCycleTests;
			productReference = 6CCE70EF2693998A00D2CA67 /* LifeCycleTests.xctest */;
			productType = "com.apple.product-type.bundle.unit-test";
		};
		6CCE70F92693998A00D2CA67 /* LifeCycleUITests */ = {
			isa = PBXNativeTarget;
			buildConfigurationList = 6CCE71092693998A00D2CA67 /* Build configuration list for PBXNativeTarget "LifeCycleUITests" */;
			buildPhases = (
				6CCE70F62693998A00D2CA67 /* Sources */,
				6CCE70F72693998A00D2CA67 /* Frameworks */,
				6CCE70F82693998A00D2CA67 /* Resources */,
			);
			buildRules = (
			);
			dependencies = (
				6CCE70FC2693998A00D2CA67 /* PBXTargetDependency */,
			);
			name = LifeCycleUITests;
			productName = LifeCycleUITests;
			productReference = 6CCE70FA2693998A00D2CA67 /* LifeCycleUITests.xctest */;
			productType = "com.apple.product-type.bundle.ui-testing";
		};
/* End PBXNativeTarget section */

/* Begin PBXProject section */
		6CCE70D12693998900D2CA67 /* Project object */ = {
			isa = PBXProject;
			attributes = {
				LastSwiftUpdateCheck = 1240;
				LastUpgradeCheck = 1240;
				TargetAttributes = {
					6CCE70D82693998900D2CA67 = {
						CreatedOnToolsVersion = 12.4;
					};
					6CCE70EE2693998A00D2CA67 = {
						CreatedOnToolsVersion = 12.4;
						TestTargetID = 6CCE70D82693998900D2CA67;
					};
					6CCE70F92693998A00D2CA67 = {
						CreatedOnToolsVersion = 12.4;
						TestTargetID = 6CCE70D82693998900D2CA67;
					};
				};
			};
			buildConfigurationList = 6CCE70D42693998900D2CA67 /* Build configuration list for PBXProject "LifeCycle" */;
			compatibilityVersion = "Xcode 9.3";
			developmentRegion = en;
			hasScannedForEncodings = 0;
			knownRegions = (
				en,
				Base,
			);
			mainGroup = 6CCE70D02693998900D2CA67;
			productRefGroup = 6CCE70DA2693998900D2CA67 /* Products */;
			projectDirPath = "";
			projectRoot = "";
			targets = (
				6CCE70D82693998900D2CA67 /* LifeCycle */,
				6CCE70EE2693998A00D2CA67 /* LifeCycleTests */,
				6CCE70F92693998A00D2CA67 /* LifeCycleUITests */,
			);
		};
/* End PBXProject section */

/* Begin PBXResourcesBuildPhase section */
		6CCE70D72693998900D2CA67 /* Resources */ = {
			isa = PBXResourcesBuildPhase;
			buildActionMask = 2147483647;
			files = (
				6CCE70E92693998A00D2CA67 /* LaunchScreen.storyboard in Resources */,
				6CCE70E62693998A00D2CA67 /* Assets.xcassets in Resources */,
				6CCE70E42693998900D2CA67 /* Main.storyboard in Resources */,
			);
			runOnlyForDeploymentPostprocessing = 0;
		};
		6CCE70ED2693998A00D2CA67 /* Resources */ = {
			isa = PBXResourcesBuildPhase;
			buildActionMask = 2147483647;
			files = (
			);
			runOnlyForDeploymentPostprocessing = 0;
		};
		6CCE70F82693998A00D2CA67 /* Resources */ = {
			isa = PBXResourcesBuildPhase;
			buildActionMask = 2147483647;
			files = (
			);
			runOnlyForDeploymentPostprocessing = 0;
		};
/* End PBXResourcesBuildPhase section */

/* Begin PBXSourcesBuildPhase section */
		6CCE70D52693998900D2CA67 /* Sources */ = {
			isa = PBXSourcesBuildPhase;
			buildActionMask = 2147483647;
			files = (
				6C91A9F5269DE392009ED779 /* SecondViewController.swift in Sources */,
				6C91A9FA269DE39C009ED779 /* LastViewController.swift in Sources */,
				6CCE70E12693998900D2CA67 /* ViewController.swift in Sources */,
				6CCE70DD2693998900D2CA67 /* AppDelegate.swift in Sources */,
				6CCE70DF2693998900D2CA67 /* SceneDelegate.swift in Sources */,
			);
			runOnlyForDeploymentPostprocessing = 0;
		};
		6CCE70EB2693998A00D2CA67 /* Sources */ = {
			isa = PBXSourcesBuildPhase;
			buildActionMask = 2147483647;
			files = (
				6CCE70F42693998A00D2CA67 /* LifeCycleTests.swift in Sources */,
			);
			runOnlyForDeploymentPostprocessing = 0;
		};
		6CCE70F62693998A00D2CA67 /* Sources */ = {
			isa = PBXSourcesBuildPhase;
			buildActionMask = 2147483647;
			files = (
				6CCE70FF2693998A00D2CA67 /* LifeCycleUITests.swift in Sources */,
			);
			runOnlyForDeploymentPostprocessing = 0;
		};
/* End PBXSourcesBuildPhase section */

/* Begin PBXTargetDependency section */
		6CCE70F12693998A00D2CA67 /* PBXTargetDependency */ = {
			isa = PBXTargetDependency;
			target = 6CCE70D82693998900D2CA67 /* LifeCycle */;
			targetProxy = 6CCE70F02693998A00D2CA67 /* PBXContainerItemProxy */;
		};
		6CCE70FC2693998A00D2CA67 /* PBXTargetDependency */ = {
			isa = PBXTargetDependency;
			target = 6CCE70D82693998900D2CA67 /* LifeCycle */;
			targetProxy = 6CCE70FB2693998A00D2CA67 /* PBXContainerItemProxy */;
		};
/* End PBXTargetDependency section */

/* Begin PBXVariantGroup section */
		6CCE70E22693998900D2CA67 /* Main.storyboard */ = {
			isa = PBXVariantGroup;
			children = (
				6CCE70E32693998900D2CA67 /* Base */,
			);
			name = Main.storyboard;
			sourceTree = "<group>";
		};
		6CCE70E72693998A00D2CA67 /* LaunchScreen.storyboard */ = {
			isa = PBXVariantGroup;
			children = (
				6CCE70E82693998A00D2CA67 /* Base */,
			);
			name = LaunchScreen.storyboard;
			sourceTree = "<group>";
		};
/* End PBXVariantGroup section */

/* Begin XCBuildConfiguration section */
		6CCE71012693998A00D2CA67 /* Debug */ = {
			isa = XCBuildConfiguration;
			buildSettings = {
				ALWAYS_SEARCH_USER_PATHS = NO;
				CLANG_ANALYZER_NONNULL = YES;
				CLANG_ANALYZER_NUMBER_OBJECT_CONVERSION = YES_AGGRESSIVE;
				CLANG_CXX_LANGUAGE_STANDARD = "gnu++14";
				CLANG_CXX_LIBRARY = "libc++";
				CLANG_ENABLE_MODULES = YES;
				CLANG_ENABLE_OBJC_ARC = YES;
				CLANG_ENABLE_OBJC_WEAK = YES;
				CLANG_WARN_BLOCK_CAPTURE_AUTORELEASING = YES;
				CLANG_WARN_BOOL_CONVERSION = YES;
				CLANG_WARN_COMMA = YES;
				CLANG_WARN_CONSTANT_CONVERSION = YES;
				CLANG_WARN_DEPRECATED_OBJC_IMPLEMENTATIONS = YES;
				CLANG_WARN_DIRECT_OBJC_ISA_USAGE = YES_ERROR;
				CLANG_WARN_DOCUMENTATION_COMMENTS = YES;
				CLANG_WARN_EMPTY_BODY = YES;
				CLANG_WARN_ENUM_CONVERSION = YES;
				CLANG_WARN_INFINITE_RECURSION = YES;
				CLANG_WARN_INT_CONVERSION = YES;
				CLANG_WARN_NON_LITERAL_NULL_CONVERSION = YES;
				CLANG_WARN_OBJC_IMPLICIT_RETAIN_SELF = YES;
				CLANG_WARN_OBJC_LITERAL_CONVERSION = YES;
				CLANG_WARN_OBJC_ROOT_CLASS = YES_ERROR;
				CLANG_WARN_QUOTED_INCLUDE_IN_FRAMEWORK_HEADER = YES;
				CLANG_WARN_RANGE_LOOP_ANALYSIS = YES;
				CLANG_WARN_STRICT_PROTOTYPES = YES;
				CLANG_WARN_SUSPICIOUS_MOVE = YES;
				CLANG_WARN_UNGUARDED_AVAILABILITY = YES_AGGRESSIVE;
				CLANG_WARN_UNREACHABLE_CODE = YES;
				CLANG_WARN__DUPLICATE_METHOD_MATCH = YES;
				COPY_PHASE_STRIP = NO;
				DEBUG_INFORMATION_FORMAT = dwarf;
				ENABLE_STRICT_OBJC_MSGSEND = YES;
				ENABLE_TESTABILITY = YES;
				GCC_C_LANGUAGE_STANDARD = gnu11;
				GCC_DYNAMIC_NO_PIC = NO;
				GCC_NO_COMMON_BLOCKS = YES;
				GCC_OPTIMIZATION_LEVEL = 0;
				GCC_PREPROCESSOR_DEFINITIONS = (
					"DEBUG=1",
					"$(inherited)",
				);
				GCC_WARN_64_TO_32_BIT_CONVERSION = YES;
				GCC_WARN_ABOUT_RETURN_TYPE = YES_ERROR;
				GCC_WARN_UNDECLARED_SELECTOR = YES;
				GCC_WARN_UNINITIALIZED_AUTOS = YES_AGGRESSIVE;
				GCC_WARN_UNUSED_FUNCTION = YES;
				GCC_WARN_UNUSED_VARIABLE = YES;
				IPHONEOS_DEPLOYMENT_TARGET = 14.4;
				MTL_ENABLE_DEBUG_INFO = INCLUDE_SOURCE;
				MTL_FAST_MATH = YES;
				ONLY_ACTIVE_ARCH = YES;
				SDKROOT = iphoneos;
				SWIFT_ACTIVE_COMPILATION_CONDITIONS = DEBUG;
				SWIFT_OPTIMIZATION_LEVEL = "-Onone";
			};
			name = Debug;
		};
		6CCE71022693998A00D2CA67 /* Release */ = {
			isa = XCBuildConfiguration;
			buildSettings = {
				ALWAYS_SEARCH_USER_PATHS = NO;
				CLANG_ANALYZER_NONNULL = YES;
				CLANG_ANALYZER_NUMBER_OBJECT_CONVERSION = YES_AGGRESSIVE;
				CLANG_CXX_LANGUAGE_STANDARD = "gnu++14";
				CLANG_CXX_LIBRARY = "libc++";
				CLANG_ENABLE_MODULES = YES;
				CLANG_ENABLE_OBJC_ARC = YES;
				CLANG_ENABLE_OBJC_WEAK = YES;
				CLANG_WARN_BLOCK_CAPTURE_AUTORELEASING = YES;
				CLANG_WARN_BOOL_CONVERSION = YES;
				CLANG_WARN_COMMA = YES;
				CLANG_WARN_CONSTANT_CONVERSION = YES;
				CLANG_WARN_DEPRECATED_OBJC_IMPLEMENTATIONS = YES;
				CLANG_WARN_DIRECT_OBJC_ISA_USAGE = YES_ERROR;
				CLANG_WARN_DOCUMENTATION_COMMENTS = YES;
				CLANG_WARN_EMPTY_BODY = YES;
				CLANG_WARN_ENUM_CONVERSION = YES;
				CLANG_WARN_INFINITE_RECURSION = YES;
				CLANG_WARN_INT_CONVERSION = YES;
				CLANG_WARN_NON_LITERAL_NULL_CONVERSION = YES;
				CLANG_WARN_OBJC_IMPLICIT_RETAIN_SELF = YES;
				CLANG_WARN_OBJC_LITERAL_CONVERSION = YES;
				CLANG_WARN_OBJC_ROOT_CLASS = YES_ERROR;
				CLANG_WARN_QUOTED_INCLUDE_IN_FRAMEWORK_HEADER = YES;
				CLANG_WARN_RANGE_LOOP_ANALYSIS = YES;
				CLANG_WARN_STRICT_PROTOTYPES = YES;
				CLANG_WARN_SUSPICIOUS_MOVE = YES;
				CLANG_WARN_UNGUARDED_AVAILABILITY = YES_AGGRESSIVE;
				CLANG_WARN_UNREACHABLE_CODE = YES;
				CLANG_WARN__DUPLICATE_METHOD_MATCH = YES;
				COPY_PHASE_STRIP = NO;
				DEBUG_INFORMATION_FORMAT = "dwarf-with-dsym";
				ENABLE_NS_ASSERTIONS = NO;
				ENABLE_STRICT_OBJC_MSGSEND = YES;
				GCC_C_LANGUAGE_STANDARD = gnu11;
				GCC_NO_COMMON_BLOCKS = YES;
				GCC_WARN_64_TO_32_BIT_CONVERSION = YES;
				GCC_WARN_ABOUT_RETURN_TYPE = YES_ERROR;
				GCC_WARN_UNDECLARED_SELECTOR = YES;
				GCC_WARN_UNINITIALIZED_AUTOS = YES_AGGRESSIVE;
				GCC_WARN_UNUSED_FUNCTION = YES;
				GCC_WARN_UNUSED_VARIABLE = YES;
				IPHONEOS_DEPLOYMENT_TARGET = 14.4;
				MTL_ENABLE_DEBUG_INFO = NO;
				MTL_FAST_MATH = YES;
				SDKROOT = iphoneos;
				SWIFT_COMPILATION_MODE = wholemodule;
				SWIFT_OPTIMIZATION_LEVEL = "-O";
				VALIDATE_PRODUCT = YES;
			};
			name = Release;
		};
		6CCE71042693998A00D2CA67 /* Debug */ = {
			isa = XCBuildConfiguration;
			buildSettings = {
				ASSETCATALOG_COMPILER_APPICON_NAME = AppIcon;
				ASSETCATALOG_COMPILER_GLOBAL_ACCENT_COLOR_NAME = AccentColor;
				CODE_SIGN_STYLE = Automatic;
				INFOPLIST_FILE = LifeCycle/Info.plist;
				LD_RUNPATH_SEARCH_PATHS = (
					"$(inherited)",
					"@executable_path/Frameworks",
				);
				PRODUCT_BUNDLE_IDENTIFIER = wrathofangeredforce.LifeCycle;
				PRODUCT_NAME = "$(TARGET_NAME)";
				SWIFT_VERSION = 5.0;
				TARGETED_DEVICE_FAMILY = "1,2";
			};
			name = Debug;
		};
		6CCE71052693998A00D2CA67 /* Release */ = {
			isa = XCBuildConfiguration;
			buildSettings = {
				ASSETCATALOG_COMPILER_APPICON_NAME = AppIcon;
				ASSETCATALOG_COMPILER_GLOBAL_ACCENT_COLOR_NAME = AccentColor;
				CODE_SIGN_STYLE = Automatic;
				INFOPLIST_FILE = LifeCycle/Info.plist;
				LD_RUNPATH_SEARCH_PATHS = (
					"$(inherited)",
					"@executable_path/Frameworks",
				);
				PRODUCT_BUNDLE_IDENTIFIER = wrathofangeredforce.LifeCycle;
				PRODUCT_NAME = "$(TARGET_NAME)";
				SWIFT_VERSION = 5.0;
				TARGETED_DEVICE_FAMILY = "1,2";
			};
			name = Release;
		};
		6CCE71072693998A00D2CA67 /* Debug */ = {
			isa = XCBuildConfiguration;
			buildSettings = {
				ALWAYS_EMBED_SWIFT_STANDARD_LIBRARIES = YES;
				BUNDLE_LOADER = "$(TEST_HOST)";
				CODE_SIGN_STYLE = Automatic;
				INFOPLIST_FILE = LifeCycleTests/Info.plist;
				IPHONEOS_DEPLOYMENT_TARGET = 14.4;
				LD_RUNPATH_SEARCH_PATHS = (
					"$(inherited)",
					"@executable_path/Frameworks",
					"@loader_path/Frameworks",
				);
				PRODUCT_BUNDLE_IDENTIFIER = wrathofangeredforce.LifeCycleTests;
				PRODUCT_NAME = "$(TARGET_NAME)";
				SWIFT_VERSION = 5.0;
				TARGETED_DEVICE_FAMILY = "1,2";
				TEST_HOST = "$(BUILT_PRODUCTS_DIR)/LifeCycle.app/LifeCycle";
			};
			name = Debug;
		};
		6CCE71082693998A00D2CA67 /* Release */ = {
			isa = XCBuildConfiguration;
			buildSettings = {
				ALWAYS_EMBED_SWIFT_STANDARD_LIBRARIES = YES;
				BUNDLE_LOADER = "$(TEST_HOST)";
				CODE_SIGN_STYLE = Automatic;
				INFOPLIST_FILE = LifeCycleTests/Info.plist;
				IPHONEOS_DEPLOYMENT_TARGET = 14.4;
				LD_RUNPATH_SEARCH_PATHS = (
					"$(inherited)",
					"@executable_path/Frameworks",
					"@loader_path/Frameworks",
				);
				PRODUCT_BUNDLE_IDENTIFIER = wrathofangeredforce.LifeCycleTests;
				PRODUCT_NAME = "$(TARGET_NAME)";
				SWIFT_VERSION = 5.0;
				TARGETED_DEVICE_FAMILY = "1,2";
				TEST_HOST = "$(BUILT_PRODUCTS_DIR)/LifeCycle.app/LifeCycle";
			};
			name = Release;
		};
		6CCE710A2693998A00D2CA67 /* Debug */ = {
			isa = XCBuildConfiguration;
			buildSettings = {
				ALWAYS_EMBED_SWIFT_STANDARD_LIBRARIES = YES;
				CODE_SIGN_STYLE = Automatic;
				INFOPLIST_FILE = LifeCycleUITests/Info.plist;
				LD_RUNPATH_SEARCH_PATHS = (
					"$(inherited)",
					"@executable_path/Frameworks",
					"@loader_path/Frameworks",
				);
				PRODUCT_BUNDLE_IDENTIFIER = wrathofangeredforce.LifeCycleUITests;
				PRODUCT_NAME = "$(TARGET_NAME)";
				SWIFT_VERSION = 5.0;
				TARGETED_DEVICE_FAMILY = "1,2";
				TEST_TARGET_NAME = LifeCycle;
			};
			name = Debug;
		};
		6CCE710B2693998A00D2CA67 /* Release */ = {
			isa = XCBuildConfiguration;
			buildSettings = {
				ALWAYS_EMBED_SWIFT_STANDARD_LIBRARIES = YES;
				CODE_SIGN_STYLE = Automatic;
				INFOPLIST_FILE = LifeCycleUITests/Info.plist;
				LD_RUNPATH_SEARCH_PATHS = (
					"$(inherited)",
					"@executable_path/Frameworks",
					"@loader_path/Frameworks",
				);
				PRODUCT_BUNDLE_IDENTIFIER = wrathofangeredforce.LifeCycleUITests;
				PRODUCT_NAME = "$(TARGET_NAME)";
				SWIFT_VERSION = 5.0;
				TARGETED_DEVICE_FAMILY = "1,2";
				TEST_TARGET_NAME = LifeCycle;
			};
			name = Release;
		};
/* End XCBuildConfiguration section */

/* Begin XCConfigurationList section */
		6CCE70D42693998900D2CA67 /* Build configuration list for PBXProject "LifeCycle" */ = {
			isa = XCConfigurationList;
			buildConfigurations = (
				6CCE71012693998A00D2CA67 /* Debug */,
				6CCE71022693998A00D2CA67 /* Release */,
			);
			defaultConfigurationIsVisible = 0;
			defaultConfigurationName = Release;
		};
		6CCE71032693998A00D2CA67 /* Build configuration list for PBXNativeTarget "LifeCycle" */ = {
			isa = XCConfigurationList;
			buildConfigurations = (
				6CCE71042693998A00D2CA67 /* Debug */,
				6CCE71052693998A00D2CA67 /* Release */,
			);
			defaultConfigurationIsVisible = 0;
			defaultConfigurationName = Release;
		};
		6CCE71062693998A00D2CA67 /* Build configuration list for PBXNativeTarget "LifeCycleTests" */ = {
			isa = XCConfigurationList;
			buildConfigurations = (
				6CCE71072693998A00D2CA67 /* Debug */,
				6CCE71082693998A00D2CA67 /* Release */,
			);
			defaultConfigurationIsVisible = 0;
			defaultConfigurationName = Release;
		};
		6CCE71092693998A00D2CA67 /* Build configuration list for PBXNativeTarget "LifeCycleUITests" */ = {
			isa = XCConfigurationList;
			buildConfigurations = (
				6CCE710A2693998A00D2CA67 /* Debug */,
				6CCE710B2693998A00D2CA67 /* Release */,
			);
			defaultConfigurationIsVisible = 0;
			defaultConfigurationName = Release;
		};
/* End XCConfigurationList section */
	};
	rootObject = 6CCE70D12693998900D2CA67 /* Project object */;
}
